
Microsoft Visual Studio Solution File, Format Version 12.00
# Visual Studio 2012
Project("{2150E333-8FDC-42A3-9474-1A3956D46DE8}") = "Cloud", "Cloud", "{314B7DDC-AEF0-4A6B-9ED8-A6378248F766}"
EndProject
Project("{CC5FD16D-436D-48AD-A40C-5A424C6E3E79}") = "CodemashCloud", "CodemashCloud\CodemashCloud.ccproj", "{6F026FEE-F4CC-437F-88C5-4A4E255268C2}"
EndProject
Project("{FAE04EC0-301F-11D3-BF4B-00C04F79EFBC}") = "Codemash.Poller", "Codemash.Poller\Codemash.Poller.csproj", "{D1C10041-2EB0-4F7F-BD01-E8DAFF5EF3A1}"
EndProject
Project("{FAE04EC0-301F-11D3-BF4B-00C04F79EFBC}") = "Codemash.DeltaApi", "Codemash.DeltaApi\Codemash.DeltaApi.csproj", "{56732609-A5E8-4E8A-A066-2E490DD0C3C3}"
EndProject
Project("{FAE04EC0-301F-11D3-BF4B-00C04F79EFBC}") = "Codemash.Api.Data", "Codemash.Api.Data\Codemash.Api.Data.csproj", "{299B9B1A-9A60-4A88-A3EA-911F7D5D4A08}"
EndProject
Project("{2150E333-8FDC-42A3-9474-1A3956D46DE8}") = "Server", "Server", "{65FBD78D-10DF-49B9-9026-E5FEB76FFB5C}"
EndProject
Project("{FAE04EC0-301F-11D3-BF4B-00C04F79EFBC}") = "Codemash.Server.Core", "Codemash.Server.Core\Codemash.Server.Core.csproj", "{DE4A2F3E-5896-4356-8603-473A7FD436D7}"
EndProject
Project("{2150E333-8FDC-42A3-9474-1A3956D46DE8}") = "Tests", "Tests", "{96A068D6-5AD5-402D-8CA1-431C3233ABA8}"
EndProject
Project("{FAE04EC0-301F-11D3-BF4B-00C04F79EFBC}") = "Server.CoreTests", "Server.CoreTests\Server.CoreTests.csproj", "{1A1CC05A-47E4-441A-B010-BE6A74D40223}"
EndProject
Project("{FAE04EC0-301F-11D3-BF4B-00C04F79EFBC}") = "FunctionalTests", "FunctionalTests\FunctionalTests.csproj", "{E728EED8-C9DB-4DAF-A0F9-B8CC107A952A}"
EndProject
Project("{2150E333-8FDC-42A3-9474-1A3956D46DE8}") = ".nuget", ".nuget", "{7032B55A-6647-4CEA-87ED-2B43AA5C9B1B}"
	ProjectSection(SolutionItems) = preProject
		.nuget\NuGet.Config = .nuget\NuGet.Config
		.nuget\NuGet.exe = .nuget\NuGet.exe
		.nuget\NuGet.targets = .nuget\NuGet.targets
	EndProjectSection
EndProject
Project("{FAE04EC0-301F-11D3-BF4B-00C04F79EFBC}") = "ExecutionTests", "ExecutionTests\ExecutionTests.csproj", "{1469A744-F127-4C4B-9D5B-7A6465AA854F}"
EndProject
Project("{2150E333-8FDC-42A3-9474-1A3956D46DE8}") = "Data", "Data", "{F9CA1A23-06C5-4046-88FD-E5E845E0F6AD}"
EndProject
Project("{2150E333-8FDC-42A3-9474-1A3956D46DE8}") = "Web", "Web", "{6485F462-45BF-4E70-93AA-7F5EEC38E5CD}"
EndProject
Project("{2150E333-8FDC-42A3-9474-1A3956D46DE8}") = "Clients", "Clients", "{0C1BE4A0-F850-4B85-8A7C-0CFADC0DCF6D}"
EndProject
Project("{2150E333-8FDC-42A3-9474-1A3956D46DE8}") = "Data", "Data", "{9F013C79-AB25-4D36-9040-CB9570BFCE01}"
EndProject
Project("{FAE04EC0-301F-11D3-BF4B-00C04F79EFBC}") = "Codemash.Client", "Clients\Codemash.Client\Codemash.Client.csproj", "{A53EC4D7-426B-4DA6-92E2-00B725F068B3}"
EndProject
Project("{2150E333-8FDC-42A3-9474-1A3956D46DE8}") = "Libs", "Libs", "{9DFC546D-D73D-48EF-A0B6-02BBB5CA8441}"
	ProjectSection(SolutionItems) = preProject
		Libs\Caliburn.Micro.dll = Libs\Caliburn.Micro.dll
		Libs\Caliburn.Micro.Extensions.dll = Libs\Caliburn.Micro.Extensions.dll
		Libs\Windows.UI.Interactivity.dll = Libs\Windows.UI.Interactivity.dll
	EndProjectSection
EndProject
Project("{FAE04EC0-301F-11D3-BF4B-00C04F79EFBC}") = "Codemash.Client.Data", "Codemash.Client.Data\Codemash.Client.Data.csproj", "{84E6C5B1-0C49-4034-BCC4-EE9DBFCDF0AA}"
EndProject
Project("{FAE04EC0-301F-11D3-BF4B-00C04F79EFBC}") = "Codemash.Client.Core", "Codemash.Client.Core\Codemash.Client.Core.csproj", "{CF7BBBD7-9A87-492E-A0B9-9D2066A35AE2}"
EndProject
Project("{2150E333-8FDC-42A3-9474-1A3956D46DE8}") = "Phone", "Phone", "{3E677B4A-F535-4DF0-B4B7-1801363059F6}"
EndProject
Project("{FAE04EC0-301F-11D3-BF4B-00C04F79EFBC}") = "Codemash.Phone.Data", "Phone\Codemash.Phone.Data\Codemash.Phone.Data.csproj", "{B8A8C8AA-5E89-4AD2-A529-B0AAB3128D65}"
EndProject
Project("{FAE04EC0-301F-11D3-BF4B-00C04F79EFBC}") = "Codemash.Phone8.App", "Phone\Codemash.Phone8.App\Codemash.Phone8.App.csproj", "{96F26054-8E92-4DA9-9C73-E0BCEE91ECAB}"
EndProject
Project("{FAE04EC0-301F-11D3-BF4B-00C04F79EFBC}") = "Codemash.Phone.Core", "Phone\Codemash.Phone.Core\Codemash.Phone.Core.csproj", "{87B49B5A-E0EA-4EAB-94D5-AC4F6877804B}"
EndProject
Project("{FAE04EC0-301F-11D3-BF4B-00C04F79EFBC}") = "Codemash.Phone7.App", "Phone\Codemash.Phone7.App\Codemash.Phone7.App.csproj", "{D059BEA3-E7A2-4065-9357-45CDC2F389BD}"
EndProject
Project("{FAE04EC0-301F-11D3-BF4B-00C04F79EFBC}") = "Codemash.Phone.Shared", "Phone\Codemash.Phone.Shared\Codemash.Phone.Shared.csproj", "{15815D68-E50F-49C1-8AB5-AF65DAA75CAE}"
EndProject
Project("{FAE04EC0-301F-11D3-BF4B-00C04F79EFBC}") = "Codemash.Notification", "Server\Codemash.Notification\Codemash.Notification.csproj", "{1EBDCEFD-994B-4827-8068-E7F3E65699D0}"
EndProject
Global
	GlobalSection(SolutionConfigurationPlatforms) = preSolution
		ARM Deploy|Any CPU = ARM Deploy|Any CPU
		ARM Deploy|ARM = ARM Deploy|ARM
		ARM Deploy|x64 = ARM Deploy|x64
		ARM Deploy|x86 = ARM Deploy|x86
		Client Deploy|Any CPU = Client Deploy|Any CPU
		Client Deploy|ARM = Client Deploy|ARM
		Client Deploy|x64 = Client Deploy|x64
		Client Deploy|x86 = Client Deploy|x86
		Cloud Server Package 2|Any CPU = Cloud Server Package 2|Any CPU
		Cloud Server Package 2|ARM = Cloud Server Package 2|ARM
		Cloud Server Package 2|x64 = Cloud Server Package 2|x64
		Cloud Server Package 2|x86 = Cloud Server Package 2|x86
		Cloud Server Package|Any CPU = Cloud Server Package|Any CPU
		Cloud Server Package|ARM = Cloud Server Package|ARM
		Cloud Server Package|x64 = Cloud Server Package|x64
		Cloud Server Package|x86 = Cloud Server Package|x86
		Cloud Server|Any CPU = Cloud Server|Any CPU
		Cloud Server|ARM = Cloud Server|ARM
		Cloud Server|x64 = Cloud Server|x64
		Cloud Server|x86 = Cloud Server|x86
		Debug|Any CPU = Debug|Any CPU
		Debug|ARM = Debug|ARM
		Debug|x64 = Debug|x64
		Debug|x86 = Debug|x86
		Phone 7 Build|Any CPU = Phone 7 Build|Any CPU
		Phone 7 Build|ARM = Phone 7 Build|ARM
		Phone 7 Build|x64 = Phone 7 Build|x64
		Phone 7 Build|x86 = Phone 7 Build|x86
		Phone 8 Build|Any CPU = Phone 8 Build|Any CPU
		Phone 8 Build|ARM = Phone 8 Build|ARM
		Phone 8 Build|x64 = Phone 8 Build|x64
		Phone 8 Build|x86 = Phone 8 Build|x86
		Release|Any CPU = Release|Any CPU
		Release|ARM = Release|ARM
		Release|x64 = Release|x64
		Release|x86 = Release|x86
		Web Build|Any CPU = Web Build|Any CPU
		Web Build|ARM = Web Build|ARM
		Web Build|x64 = Web Build|x64
		Web Build|x86 = Web Build|x86
	EndGlobalSection
	GlobalSection(ProjectConfigurationPlatforms) = postSolution
		{6F026FEE-F4CC-437F-88C5-4A4E255268C2}.ARM Deploy|Any CPU.ActiveCfg = ARM Deploy|Any CPU
		{6F026FEE-F4CC-437F-88C5-4A4E255268C2}.ARM Deploy|ARM.ActiveCfg = ARM Deploy|Any CPU
		{6F026FEE-F4CC-437F-88C5-4A4E255268C2}.ARM Deploy|x64.ActiveCfg = ARM Deploy|Any CPU
		{6F026FEE-F4CC-437F-88C5-4A4E255268C2}.ARM Deploy|x86.ActiveCfg = ARM Deploy|Any CPU
		{6F026FEE-F4CC-437F-88C5-4A4E255268C2}.Client Deploy|Any CPU.ActiveCfg = Client Deploy|Any CPU
		{6F026FEE-F4CC-437F-88C5-4A4E255268C2}.Client Deploy|ARM.ActiveCfg = Client Deploy|Any CPU
		{6F026FEE-F4CC-437F-88C5-4A4E255268C2}.Client Deploy|x64.ActiveCfg = Client Deploy|Any CPU
		{6F026FEE-F4CC-437F-88C5-4A4E255268C2}.Client Deploy|x86.ActiveCfg = Client Deploy|Any CPU
		{6F026FEE-F4CC-437F-88C5-4A4E255268C2}.Cloud Server Package 2|Any CPU.ActiveCfg = Cloud Server Package 2|Any CPU
		{6F026FEE-F4CC-437F-88C5-4A4E255268C2}.Cloud Server Package 2|Any CPU.Build.0 = Cloud Server Package 2|Any CPU
		{6F026FEE-F4CC-437F-88C5-4A4E255268C2}.Cloud Server Package 2|ARM.ActiveCfg = Cloud Server Package 2|Any CPU
		{6F026FEE-F4CC-437F-88C5-4A4E255268C2}.Cloud Server Package 2|x64.ActiveCfg = Cloud Server Package 2|Any CPU
		{6F026FEE-F4CC-437F-88C5-4A4E255268C2}.Cloud Server Package 2|x86.ActiveCfg = Cloud Server Package 2|Any CPU
		{6F026FEE-F4CC-437F-88C5-4A4E255268C2}.Cloud Server Package|Any CPU.ActiveCfg = Cloud Server Package|Any CPU
		{6F026FEE-F4CC-437F-88C5-4A4E255268C2}.Cloud Server Package|Any CPU.Build.0 = Cloud Server Package|Any CPU
		{6F026FEE-F4CC-437F-88C5-4A4E255268C2}.Cloud Server Package|ARM.ActiveCfg = Cloud Server Package|Any CPU
		{6F026FEE-F4CC-437F-88C5-4A4E255268C2}.Cloud Server Package|x64.ActiveCfg = Cloud Server Package|Any CPU
		{6F026FEE-F4CC-437F-88C5-4A4E255268C2}.Cloud Server Package|x86.ActiveCfg = Cloud Server Package|Any CPU
		{6F026FEE-F4CC-437F-88C5-4A4E255268C2}.Cloud Server|Any CPU.ActiveCfg = Cloud Server|Any CPU
		{6F026FEE-F4CC-437F-88C5-4A4E255268C2}.Cloud Server|Any CPU.Build.0 = Cloud Server|Any CPU
		{6F026FEE-F4CC-437F-88C5-4A4E255268C2}.Cloud Server|ARM.ActiveCfg = Cloud Server|Any CPU
		{6F026FEE-F4CC-437F-88C5-4A4E255268C2}.Cloud Server|x64.ActiveCfg = Cloud Server|Any CPU
		{6F026FEE-F4CC-437F-88C5-4A4E255268C2}.Cloud Server|x86.ActiveCfg = Cloud Server|Any CPU
		{6F026FEE-F4CC-437F-88C5-4A4E255268C2}.Debug|Any CPU.ActiveCfg = Debug|Any CPU
		{6F026FEE-F4CC-437F-88C5-4A4E255268C2}.Debug|Any CPU.Build.0 = Debug|Any CPU
		{6F026FEE-F4CC-437F-88C5-4A4E255268C2}.Debug|ARM.ActiveCfg = Debug|Any CPU
		{6F026FEE-F4CC-437F-88C5-4A4E255268C2}.Debug|x64.ActiveCfg = Debug|Any CPU
		{6F026FEE-F4CC-437F-88C5-4A4E255268C2}.Debug|x86.ActiveCfg = Debug|Any CPU
		{6F026FEE-F4CC-437F-88C5-4A4E255268C2}.Phone 7 Build|Any CPU.ActiveCfg = Phone 7 Build|Any CPU
		{6F026FEE-F4CC-437F-88C5-4A4E255268C2}.Phone 7 Build|Any CPU.Deploy.0 = Phone 7 Build|Any CPU
		{6F026FEE-F4CC-437F-88C5-4A4E255268C2}.Phone 7 Build|ARM.ActiveCfg = Phone 7 Build|Any CPU
		{6F026FEE-F4CC-437F-88C5-4A4E255268C2}.Phone 7 Build|x64.ActiveCfg = Phone 7 Build|Any CPU
		{6F026FEE-F4CC-437F-88C5-4A4E255268C2}.Phone 7 Build|x86.ActiveCfg = Phone 7 Build|Any CPU
		{6F026FEE-F4CC-437F-88C5-4A4E255268C2}.Phone 8 Build|Any CPU.ActiveCfg = Phone 8 Build|Any CPU
		{6F026FEE-F4CC-437F-88C5-4A4E255268C2}.Phone 8 Build|ARM.ActiveCfg = Phone 8 Build|Any CPU
		{6F026FEE-F4CC-437F-88C5-4A4E255268C2}.Phone 8 Build|x64.ActiveCfg = Phone 8 Build|Any CPU
		{6F026FEE-F4CC-437F-88C5-4A4E255268C2}.Phone 8 Build|x86.ActiveCfg = Phone 8 Build|Any CPU
		{6F026FEE-F4CC-437F-88C5-4A4E255268C2}.Release|Any CPU.ActiveCfg = Release|Any CPU
		{6F026FEE-F4CC-437F-88C5-4A4E255268C2}.Release|ARM.ActiveCfg = Release|Any CPU
		{6F026FEE-F4CC-437F-88C5-4A4E255268C2}.Release|x64.ActiveCfg = Release|Any CPU
		{6F026FEE-F4CC-437F-88C5-4A4E255268C2}.Release|x86.ActiveCfg = Release|Any CPU
		{6F026FEE-F4CC-437F-88C5-4A4E255268C2}.Web Build|Any CPU.ActiveCfg = Web Build|Any CPU
		{6F026FEE-F4CC-437F-88C5-4A4E255268C2}.Web Build|ARM.ActiveCfg = Web Build|Any CPU
		{6F026FEE-F4CC-437F-88C5-4A4E255268C2}.Web Build|x64.ActiveCfg = Web Build|Any CPU
		{6F026FEE-F4CC-437F-88C5-4A4E255268C2}.Web Build|x86.ActiveCfg = Web Build|Any CPU
		{D1C10041-2EB0-4F7F-BD01-E8DAFF5EF3A1}.ARM Deploy|Any CPU.ActiveCfg = ARM Deploy|Any CPU
		{D1C10041-2EB0-4F7F-BD01-E8DAFF5EF3A1}.ARM Deploy|ARM.ActiveCfg = ARM Deploy|Any CPU
		{D1C10041-2EB0-4F7F-BD01-E8DAFF5EF3A1}.ARM Deploy|x64.ActiveCfg = ARM Deploy|Any CPU
		{D1C10041-2EB0-4F7F-BD01-E8DAFF5EF3A1}.ARM Deploy|x86.ActiveCfg = ARM Deploy|Any CPU
		{D1C10041-2EB0-4F7F-BD01-E8DAFF5EF3A1}.Client Deploy|Any CPU.ActiveCfg = Client Deploy|Any CPU
		{D1C10041-2EB0-4F7F-BD01-E8DAFF5EF3A1}.Client Deploy|ARM.ActiveCfg = Client Deploy|Any CPU
		{D1C10041-2EB0-4F7F-BD01-E8DAFF5EF3A1}.Client Deploy|x64.ActiveCfg = Client Deploy|Any CPU
		{D1C10041-2EB0-4F7F-BD01-E8DAFF5EF3A1}.Client Deploy|x86.ActiveCfg = Client Deploy|Any CPU
		{D1C10041-2EB0-4F7F-BD01-E8DAFF5EF3A1}.Cloud Server Package 2|Any CPU.ActiveCfg = Cloud Server Package 2|Any CPU
		{D1C10041-2EB0-4F7F-BD01-E8DAFF5EF3A1}.Cloud Server Package 2|Any CPU.Build.0 = Cloud Server Package 2|Any CPU
		{D1C10041-2EB0-4F7F-BD01-E8DAFF5EF3A1}.Cloud Server Package 2|ARM.ActiveCfg = Cloud Server Package 2|Any CPU
		{D1C10041-2EB0-4F7F-BD01-E8DAFF5EF3A1}.Cloud Server Package 2|x64.ActiveCfg = Cloud Server Package 2|Any CPU
		{D1C10041-2EB0-4F7F-BD01-E8DAFF5EF3A1}.Cloud Server Package 2|x86.ActiveCfg = Cloud Server Package 2|Any CPU
		{D1C10041-2EB0-4F7F-BD01-E8DAFF5EF3A1}.Cloud Server Package|Any CPU.ActiveCfg = Cloud Server Package|Any CPU
		{D1C10041-2EB0-4F7F-BD01-E8DAFF5EF3A1}.Cloud Server Package|Any CPU.Build.0 = Cloud Server Package|Any CPU
		{D1C10041-2EB0-4F7F-BD01-E8DAFF5EF3A1}.Cloud Server Package|ARM.ActiveCfg = Cloud Server Package|Any CPU
		{D1C10041-2EB0-4F7F-BD01-E8DAFF5EF3A1}.Cloud Server Package|x64.ActiveCfg = Cloud Server Package|Any CPU
		{D1C10041-2EB0-4F7F-BD01-E8DAFF5EF3A1}.Cloud Server Package|x86.ActiveCfg = Cloud Server Package|Any CPU
		{D1C10041-2EB0-4F7F-BD01-E8DAFF5EF3A1}.Cloud Server|Any CPU.ActiveCfg = Cloud Server|Any CPU
		{D1C10041-2EB0-4F7F-BD01-E8DAFF5EF3A1}.Cloud Server|Any CPU.Build.0 = Cloud Server|Any CPU
		{D1C10041-2EB0-4F7F-BD01-E8DAFF5EF3A1}.Cloud Server|ARM.ActiveCfg = Cloud Server|Any CPU
		{D1C10041-2EB0-4F7F-BD01-E8DAFF5EF3A1}.Cloud Server|x64.ActiveCfg = Cloud Server|Any CPU
		{D1C10041-2EB0-4F7F-BD01-E8DAFF5EF3A1}.Cloud Server|x86.ActiveCfg = Cloud Server|Any CPU
		{D1C10041-2EB0-4F7F-BD01-E8DAFF5EF3A1}.Debug|Any CPU.ActiveCfg = Debug|Any CPU
		{D1C10041-2EB0-4F7F-BD01-E8DAFF5EF3A1}.Debug|Any CPU.Build.0 = Debug|Any CPU
		{D1C10041-2EB0-4F7F-BD01-E8DAFF5EF3A1}.Debug|ARM.ActiveCfg = Debug|Any CPU
		{D1C10041-2EB0-4F7F-BD01-E8DAFF5EF3A1}.Debug|x64.ActiveCfg = Debug|Any CPU
		{D1C10041-2EB0-4F7F-BD01-E8DAFF5EF3A1}.Debug|x86.ActiveCfg = Debug|Any CPU
		{D1C10041-2EB0-4F7F-BD01-E8DAFF5EF3A1}.Phone 7 Build|Any CPU.ActiveCfg = Phone 7 Build|Any CPU
		{D1C10041-2EB0-4F7F-BD01-E8DAFF5EF3A1}.Phone 7 Build|ARM.ActiveCfg = Phone 7 Build|Any CPU
		{D1C10041-2EB0-4F7F-BD01-E8DAFF5EF3A1}.Phone 7 Build|x64.ActiveCfg = Phone 7 Build|Any CPU
		{D1C10041-2EB0-4F7F-BD01-E8DAFF5EF3A1}.Phone 7 Build|x86.ActiveCfg = Phone 7 Build|Any CPU
		{D1C10041-2EB0-4F7F-BD01-E8DAFF5EF3A1}.Phone 8 Build|Any CPU.ActiveCfg = Phone 8 Build|Any CPU
		{D1C10041-2EB0-4F7F-BD01-E8DAFF5EF3A1}.Phone 8 Build|ARM.ActiveCfg = Phone 8 Build|Any CPU
		{D1C10041-2EB0-4F7F-BD01-E8DAFF5EF3A1}.Phone 8 Build|x64.ActiveCfg = Phone 8 Build|Any CPU
		{D1C10041-2EB0-4F7F-BD01-E8DAFF5EF3A1}.Phone 8 Build|x86.ActiveCfg = Phone 8 Build|Any CPU
		{D1C10041-2EB0-4F7F-BD01-E8DAFF5EF3A1}.Release|Any CPU.ActiveCfg = Release|Any CPU
		{D1C10041-2EB0-4F7F-BD01-E8DAFF5EF3A1}.Release|ARM.ActiveCfg = Release|Any CPU
		{D1C10041-2EB0-4F7F-BD01-E8DAFF5EF3A1}.Release|x64.ActiveCfg = Release|Any CPU
		{D1C10041-2EB0-4F7F-BD01-E8DAFF5EF3A1}.Release|x86.ActiveCfg = Release|Any CPU
		{D1C10041-2EB0-4F7F-BD01-E8DAFF5EF3A1}.Web Build|Any CPU.ActiveCfg = Web Build|Any CPU
		{D1C10041-2EB0-4F7F-BD01-E8DAFF5EF3A1}.Web Build|ARM.ActiveCfg = Web Build|Any CPU
		{D1C10041-2EB0-4F7F-BD01-E8DAFF5EF3A1}.Web Build|x64.ActiveCfg = Web Build|Any CPU
		{D1C10041-2EB0-4F7F-BD01-E8DAFF5EF3A1}.Web Build|x86.ActiveCfg = Web Build|Any CPU
		{56732609-A5E8-4E8A-A066-2E490DD0C3C3}.ARM Deploy|Any CPU.ActiveCfg = ARM Deploy|Any CPU
		{56732609-A5E8-4E8A-A066-2E490DD0C3C3}.ARM Deploy|ARM.ActiveCfg = ARM Deploy|Any CPU
		{56732609-A5E8-4E8A-A066-2E490DD0C3C3}.ARM Deploy|x64.ActiveCfg = ARM Deploy|Any CPU
		{56732609-A5E8-4E8A-A066-2E490DD0C3C3}.ARM Deploy|x86.ActiveCfg = ARM Deploy|Any CPU
		{56732609-A5E8-4E8A-A066-2E490DD0C3C3}.Client Deploy|Any CPU.ActiveCfg = Release|Any CPU
		{56732609-A5E8-4E8A-A066-2E490DD0C3C3}.Client Deploy|ARM.ActiveCfg = Release|Any CPU
		{56732609-A5E8-4E8A-A066-2E490DD0C3C3}.Client Deploy|x64.ActiveCfg = Release|Any CPU
		{56732609-A5E8-4E8A-A066-2E490DD0C3C3}.Client Deploy|x86.ActiveCfg = Release|Any CPU
		{56732609-A5E8-4E8A-A066-2E490DD0C3C3}.Cloud Server Package 2|Any CPU.ActiveCfg = Cloud Server Package 2|Any CPU
		{56732609-A5E8-4E8A-A066-2E490DD0C3C3}.Cloud Server Package 2|ARM.ActiveCfg = Cloud Server Package 2|Any CPU
		{56732609-A5E8-4E8A-A066-2E490DD0C3C3}.Cloud Server Package 2|x64.ActiveCfg = Cloud Server Package 2|Any CPU
		{56732609-A5E8-4E8A-A066-2E490DD0C3C3}.Cloud Server Package 2|x86.ActiveCfg = Cloud Server Package 2|Any CPU
		{56732609-A5E8-4E8A-A066-2E490DD0C3C3}.Cloud Server Package|Any CPU.ActiveCfg = Cloud Server Package|Any CPU
		{56732609-A5E8-4E8A-A066-2E490DD0C3C3}.Cloud Server Package|ARM.ActiveCfg = Cloud Server Package|Any CPU
		{56732609-A5E8-4E8A-A066-2E490DD0C3C3}.Cloud Server Package|x64.ActiveCfg = Cloud Server Package|Any CPU
		{56732609-A5E8-4E8A-A066-2E490DD0C3C3}.Cloud Server Package|x86.ActiveCfg = Cloud Server Package|Any CPU
		{56732609-A5E8-4E8A-A066-2E490DD0C3C3}.Cloud Server|Any CPU.ActiveCfg = Cloud Server|Any CPU
		{56732609-A5E8-4E8A-A066-2E490DD0C3C3}.Cloud Server|ARM.ActiveCfg = Cloud Server|Any CPU
		{56732609-A5E8-4E8A-A066-2E490DD0C3C3}.Cloud Server|x64.ActiveCfg = Cloud Server|Any CPU
		{56732609-A5E8-4E8A-A066-2E490DD0C3C3}.Cloud Server|x86.ActiveCfg = Cloud Server|Any CPU
		{56732609-A5E8-4E8A-A066-2E490DD0C3C3}.Debug|Any CPU.ActiveCfg = Debug|Any CPU
		{56732609-A5E8-4E8A-A066-2E490DD0C3C3}.Debug|Any CPU.Build.0 = Debug|Any CPU
		{56732609-A5E8-4E8A-A066-2E490DD0C3C3}.Debug|ARM.ActiveCfg = Debug|Any CPU
		{56732609-A5E8-4E8A-A066-2E490DD0C3C3}.Debug|x64.ActiveCfg = Debug|Any CPU
		{56732609-A5E8-4E8A-A066-2E490DD0C3C3}.Debug|x86.ActiveCfg = Debug|Any CPU
		{56732609-A5E8-4E8A-A066-2E490DD0C3C3}.Phone 7 Build|Any CPU.ActiveCfg = Phone 7 Build|Any CPU
		{56732609-A5E8-4E8A-A066-2E490DD0C3C3}.Phone 7 Build|ARM.ActiveCfg = Phone 7 Build|Any CPU
		{56732609-A5E8-4E8A-A066-2E490DD0C3C3}.Phone 7 Build|x64.ActiveCfg = Phone 7 Build|Any CPU
		{56732609-A5E8-4E8A-A066-2E490DD0C3C3}.Phone 7 Build|x86.ActiveCfg = Phone 7 Build|Any CPU
		{56732609-A5E8-4E8A-A066-2E490DD0C3C3}.Phone 8 Build|Any CPU.ActiveCfg = Phone 8 Build|Any CPU
		{56732609-A5E8-4E8A-A066-2E490DD0C3C3}.Phone 8 Build|Any CPU.Build.0 = Phone 8 Build|Any CPU
		{56732609-A5E8-4E8A-A066-2E490DD0C3C3}.Phone 8 Build|ARM.ActiveCfg = Phone 8 Build|Any CPU
		{56732609-A5E8-4E8A-A066-2E490DD0C3C3}.Phone 8 Build|x64.ActiveCfg = Phone 8 Build|Any CPU
		{56732609-A5E8-4E8A-A066-2E490DD0C3C3}.Phone 8 Build|x86.ActiveCfg = Phone 8 Build|Any CPU
		{56732609-A5E8-4E8A-A066-2E490DD0C3C3}.Release|Any CPU.ActiveCfg = Release|Any CPU
		{56732609-A5E8-4E8A-A066-2E490DD0C3C3}.Release|Any CPU.Build.0 = Release|Any CPU
		{56732609-A5E8-4E8A-A066-2E490DD0C3C3}.Release|ARM.ActiveCfg = Release|Any CPU
		{56732609-A5E8-4E8A-A066-2E490DD0C3C3}.Release|x64.ActiveCfg = Release|Any CPU
		{56732609-A5E8-4E8A-A066-2E490DD0C3C3}.Release|x86.ActiveCfg = Release|Any CPU
		{56732609-A5E8-4E8A-A066-2E490DD0C3C3}.Web Build|Any CPU.ActiveCfg = Debug|Any CPU
		{56732609-A5E8-4E8A-A066-2E490DD0C3C3}.Web Build|Any CPU.Build.0 = Debug|Any CPU
		{56732609-A5E8-4E8A-A066-2E490DD0C3C3}.Web Build|ARM.ActiveCfg = Web Build|Any CPU
		{56732609-A5E8-4E8A-A066-2E490DD0C3C3}.Web Build|x64.ActiveCfg = Web Build|Any CPU
		{56732609-A5E8-4E8A-A066-2E490DD0C3C3}.Web Build|x86.ActiveCfg = Web Build|Any CPU
		{299B9B1A-9A60-4A88-A3EA-911F7D5D4A08}.ARM Deploy|Any CPU.ActiveCfg = ARM Deploy|Any CPU
		{299B9B1A-9A60-4A88-A3EA-911F7D5D4A08}.ARM Deploy|ARM.ActiveCfg = ARM Deploy|Any CPU
		{299B9B1A-9A60-4A88-A3EA-911F7D5D4A08}.ARM Deploy|x64.ActiveCfg = ARM Deploy|Any CPU
		{299B9B1A-9A60-4A88-A3EA-911F7D5D4A08}.ARM Deploy|x86.ActiveCfg = ARM Deploy|Any CPU
		{299B9B1A-9A60-4A88-A3EA-911F7D5D4A08}.Client Deploy|Any CPU.ActiveCfg = Client Deploy|Any CPU
		{299B9B1A-9A60-4A88-A3EA-911F7D5D4A08}.Client Deploy|ARM.ActiveCfg = Client Deploy|Any CPU
		{299B9B1A-9A60-4A88-A3EA-911F7D5D4A08}.Client Deploy|x64.ActiveCfg = Client Deploy|Any CPU
		{299B9B1A-9A60-4A88-A3EA-911F7D5D4A08}.Client Deploy|x86.ActiveCfg = Client Deploy|Any CPU
		{299B9B1A-9A60-4A88-A3EA-911F7D5D4A08}.Cloud Server Package 2|Any CPU.ActiveCfg = Cloud Server Package 2|Any CPU
		{299B9B1A-9A60-4A88-A3EA-911F7D5D4A08}.Cloud Server Package 2|Any CPU.Build.0 = Cloud Server Package 2|Any CPU
		{299B9B1A-9A60-4A88-A3EA-911F7D5D4A08}.Cloud Server Package 2|ARM.ActiveCfg = Cloud Server Package 2|Any CPU
		{299B9B1A-9A60-4A88-A3EA-911F7D5D4A08}.Cloud Server Package 2|x64.ActiveCfg = Cloud Server Package 2|Any CPU
		{299B9B1A-9A60-4A88-A3EA-911F7D5D4A08}.Cloud Server Package 2|x86.ActiveCfg = Cloud Server Package 2|Any CPU
		{299B9B1A-9A60-4A88-A3EA-911F7D5D4A08}.Cloud Server Package|Any CPU.ActiveCfg = Cloud Server Package|Any CPU
		{299B9B1A-9A60-4A88-A3EA-911F7D5D4A08}.Cloud Server Package|Any CPU.Build.0 = Cloud Server Package|Any CPU
		{299B9B1A-9A60-4A88-A3EA-911F7D5D4A08}.Cloud Server Package|ARM.ActiveCfg = Cloud Server Package|Any CPU
		{299B9B1A-9A60-4A88-A3EA-911F7D5D4A08}.Cloud Server Package|x64.ActiveCfg = Cloud Server Package|Any CPU
		{299B9B1A-9A60-4A88-A3EA-911F7D5D4A08}.Cloud Server Package|x86.ActiveCfg = Cloud Server Package|Any CPU
		{299B9B1A-9A60-4A88-A3EA-911F7D5D4A08}.Cloud Server|Any CPU.ActiveCfg = Cloud Server|Any CPU
		{299B9B1A-9A60-4A88-A3EA-911F7D5D4A08}.Cloud Server|Any CPU.Build.0 = Cloud Server|Any CPU
		{299B9B1A-9A60-4A88-A3EA-911F7D5D4A08}.Cloud Server|ARM.ActiveCfg = Cloud Server|Any CPU
		{299B9B1A-9A60-4A88-A3EA-911F7D5D4A08}.Cloud Server|x64.ActiveCfg = Cloud Server|Any CPU
		{299B9B1A-9A60-4A88-A3EA-911F7D5D4A08}.Cloud Server|x86.ActiveCfg = Cloud Server|Any CPU
		{299B9B1A-9A60-4A88-A3EA-911F7D5D4A08}.Debug|Any CPU.ActiveCfg = Debug|Any CPU
		{299B9B1A-9A60-4A88-A3EA-911F7D5D4A08}.Debug|Any CPU.Build.0 = Debug|Any CPU
		{299B9B1A-9A60-4A88-A3EA-911F7D5D4A08}.Debug|ARM.ActiveCfg = Debug|Any CPU
		{299B9B1A-9A60-4A88-A3EA-911F7D5D4A08}.Debug|x64.ActiveCfg = Debug|Any CPU
		{299B9B1A-9A60-4A88-A3EA-911F7D5D4A08}.Debug|x86.ActiveCfg = Debug|Any CPU
		{299B9B1A-9A60-4A88-A3EA-911F7D5D4A08}.Phone 7 Build|Any CPU.ActiveCfg = Phone 7 Build|Any CPU
		{299B9B1A-9A60-4A88-A3EA-911F7D5D4A08}.Phone 7 Build|ARM.ActiveCfg = Phone 7 Build|Any CPU
		{299B9B1A-9A60-4A88-A3EA-911F7D5D4A08}.Phone 7 Build|x64.ActiveCfg = Phone 7 Build|Any CPU
		{299B9B1A-9A60-4A88-A3EA-911F7D5D4A08}.Phone 7 Build|x86.ActiveCfg = Phone 7 Build|Any CPU
		{299B9B1A-9A60-4A88-A3EA-911F7D5D4A08}.Phone 8 Build|Any CPU.ActiveCfg = Phone 8 Build|Any CPU
		{299B9B1A-9A60-4A88-A3EA-911F7D5D4A08}.Phone 8 Build|Any CPU.Build.0 = Phone 8 Build|Any CPU
		{299B9B1A-9A60-4A88-A3EA-911F7D5D4A08}.Phone 8 Build|ARM.ActiveCfg = Phone 8 Build|Any CPU
		{299B9B1A-9A60-4A88-A3EA-911F7D5D4A08}.Phone 8 Build|x64.ActiveCfg = Phone 8 Build|Any CPU
		{299B9B1A-9A60-4A88-A3EA-911F7D5D4A08}.Phone 8 Build|x86.ActiveCfg = Phone 8 Build|Any CPU
		{299B9B1A-9A60-4A88-A3EA-911F7D5D4A08}.Release|Any CPU.ActiveCfg = Release|Any CPU
		{299B9B1A-9A60-4A88-A3EA-911F7D5D4A08}.Release|ARM.ActiveCfg = Release|Any CPU
		{299B9B1A-9A60-4A88-A3EA-911F7D5D4A08}.Release|x64.ActiveCfg = Release|Any CPU
		{299B9B1A-9A60-4A88-A3EA-911F7D5D4A08}.Release|x86.ActiveCfg = Release|Any CPU
		{299B9B1A-9A60-4A88-A3EA-911F7D5D4A08}.Web Build|Any CPU.ActiveCfg = Debug|Any CPU
		{299B9B1A-9A60-4A88-A3EA-911F7D5D4A08}.Web Build|Any CPU.Build.0 = Debug|Any CPU
		{299B9B1A-9A60-4A88-A3EA-911F7D5D4A08}.Web Build|ARM.ActiveCfg = Web Build|Any CPU
		{299B9B1A-9A60-4A88-A3EA-911F7D5D4A08}.Web Build|x64.ActiveCfg = Web Build|Any CPU
		{299B9B1A-9A60-4A88-A3EA-911F7D5D4A08}.Web Build|x86.ActiveCfg = Web Build|Any CPU
		{DE4A2F3E-5896-4356-8603-473A7FD436D7}.ARM Deploy|Any CPU.ActiveCfg = ARM Deploy|Any CPU
		{DE4A2F3E-5896-4356-8603-473A7FD436D7}.ARM Deploy|ARM.ActiveCfg = ARM Deploy|Any CPU
		{DE4A2F3E-5896-4356-8603-473A7FD436D7}.ARM Deploy|x64.ActiveCfg = ARM Deploy|Any CPU
		{DE4A2F3E-5896-4356-8603-473A7FD436D7}.ARM Deploy|x86.ActiveCfg = ARM Deploy|Any CPU
		{DE4A2F3E-5896-4356-8603-473A7FD436D7}.Client Deploy|Any CPU.ActiveCfg = Client Deploy|Any CPU
		{DE4A2F3E-5896-4356-8603-473A7FD436D7}.Client Deploy|ARM.ActiveCfg = Client Deploy|Any CPU
		{DE4A2F3E-5896-4356-8603-473A7FD436D7}.Client Deploy|x64.ActiveCfg = Client Deploy|Any CPU
		{DE4A2F3E-5896-4356-8603-473A7FD436D7}.Client Deploy|x86.ActiveCfg = Client Deploy|Any CPU
		{DE4A2F3E-5896-4356-8603-473A7FD436D7}.Cloud Server Package 2|Any CPU.ActiveCfg = Cloud Server Package 2|Any CPU
		{DE4A2F3E-5896-4356-8603-473A7FD436D7}.Cloud Server Package 2|Any CPU.Build.0 = Cloud Server Package 2|Any CPU
		{DE4A2F3E-5896-4356-8603-473A7FD436D7}.Cloud Server Package 2|ARM.ActiveCfg = Cloud Server Package 2|Any CPU
		{DE4A2F3E-5896-4356-8603-473A7FD436D7}.Cloud Server Package 2|x64.ActiveCfg = Cloud Server Package 2|Any CPU
		{DE4A2F3E-5896-4356-8603-473A7FD436D7}.Cloud Server Package 2|x86.ActiveCfg = Cloud Server Package 2|Any CPU
		{DE4A2F3E-5896-4356-8603-473A7FD436D7}.Cloud Server Package|Any CPU.ActiveCfg = Cloud Server Package|Any CPU
		{DE4A2F3E-5896-4356-8603-473A7FD436D7}.Cloud Server Package|Any CPU.Build.0 = Cloud Server Package|Any CPU
		{DE4A2F3E-5896-4356-8603-473A7FD436D7}.Cloud Server Package|ARM.ActiveCfg = Cloud Server Package|Any CPU
		{DE4A2F3E-5896-4356-8603-473A7FD436D7}.Cloud Server Package|x64.ActiveCfg = Cloud Server Package|Any CPU
		{DE4A2F3E-5896-4356-8603-473A7FD436D7}.Cloud Server Package|x86.ActiveCfg = Cloud Server Package|Any CPU
		{DE4A2F3E-5896-4356-8603-473A7FD436D7}.Cloud Server|Any CPU.ActiveCfg = Cloud Server|Any CPU
		{DE4A2F3E-5896-4356-8603-473A7FD436D7}.Cloud Server|Any CPU.Build.0 = Cloud Server|Any CPU
		{DE4A2F3E-5896-4356-8603-473A7FD436D7}.Cloud Server|ARM.ActiveCfg = Cloud Server|Any CPU
		{DE4A2F3E-5896-4356-8603-473A7FD436D7}.Cloud Server|x64.ActiveCfg = Cloud Server|Any CPU
		{DE4A2F3E-5896-4356-8603-473A7FD436D7}.Cloud Server|x86.ActiveCfg = Cloud Server|Any CPU
		{DE4A2F3E-5896-4356-8603-473A7FD436D7}.Debug|Any CPU.ActiveCfg = Debug|Any CPU
		{DE4A2F3E-5896-4356-8603-473A7FD436D7}.Debug|Any CPU.Build.0 = Debug|Any CPU
		{DE4A2F3E-5896-4356-8603-473A7FD436D7}.Debug|ARM.ActiveCfg = Debug|Any CPU
		{DE4A2F3E-5896-4356-8603-473A7FD436D7}.Debug|x64.ActiveCfg = Debug|Any CPU
		{DE4A2F3E-5896-4356-8603-473A7FD436D7}.Debug|x86.ActiveCfg = Debug|Any CPU
		{DE4A2F3E-5896-4356-8603-473A7FD436D7}.Phone 7 Build|Any CPU.ActiveCfg = Phone 7 Build|Any CPU
		{DE4A2F3E-5896-4356-8603-473A7FD436D7}.Phone 7 Build|ARM.ActiveCfg = Phone 7 Build|Any CPU
		{DE4A2F3E-5896-4356-8603-473A7FD436D7}.Phone 7 Build|x64.ActiveCfg = Phone 7 Build|Any CPU
		{DE4A2F3E-5896-4356-8603-473A7FD436D7}.Phone 7 Build|x86.ActiveCfg = Phone 7 Build|Any CPU
		{DE4A2F3E-5896-4356-8603-473A7FD436D7}.Phone 8 Build|Any CPU.ActiveCfg = Phone 8 Build|Any CPU
		{DE4A2F3E-5896-4356-8603-473A7FD436D7}.Phone 8 Build|Any CPU.Build.0 = Phone 8 Build|Any CPU
		{DE4A2F3E-5896-4356-8603-473A7FD436D7}.Phone 8 Build|ARM.ActiveCfg = Phone 8 Build|Any CPU
		{DE4A2F3E-5896-4356-8603-473A7FD436D7}.Phone 8 Build|x64.ActiveCfg = Phone 8 Build|Any CPU
		{DE4A2F3E-5896-4356-8603-473A7FD436D7}.Phone 8 Build|x86.ActiveCfg = Phone 8 Build|Any CPU
		{DE4A2F3E-5896-4356-8603-473A7FD436D7}.Release|Any CPU.ActiveCfg = Release|Any CPU
		{DE4A2F3E-5896-4356-8603-473A7FD436D7}.Release|ARM.ActiveCfg = Release|Any CPU
		{DE4A2F3E-5896-4356-8603-473A7FD436D7}.Release|x64.ActiveCfg = Release|Any CPU
		{DE4A2F3E-5896-4356-8603-473A7FD436D7}.Release|x86.ActiveCfg = Release|Any CPU
		{DE4A2F3E-5896-4356-8603-473A7FD436D7}.Web Build|Any CPU.ActiveCfg = Debug|Any CPU
		{DE4A2F3E-5896-4356-8603-473A7FD436D7}.Web Build|Any CPU.Build.0 = Debug|Any CPU
		{DE4A2F3E-5896-4356-8603-473A7FD436D7}.Web Build|ARM.ActiveCfg = Web Build|Any CPU
		{DE4A2F3E-5896-4356-8603-473A7FD436D7}.Web Build|x64.ActiveCfg = Web Build|Any CPU
		{DE4A2F3E-5896-4356-8603-473A7FD436D7}.Web Build|x86.ActiveCfg = Web Build|Any CPU
		{1A1CC05A-47E4-441A-B010-BE6A74D40223}.ARM Deploy|Any CPU.ActiveCfg = ARM Deploy|Any CPU
		{1A1CC05A-47E4-441A-B010-BE6A74D40223}.ARM Deploy|ARM.ActiveCfg = ARM Deploy|Any CPU
		{1A1CC05A-47E4-441A-B010-BE6A74D40223}.ARM Deploy|x64.ActiveCfg = ARM Deploy|Any CPU
		{1A1CC05A-47E4-441A-B010-BE6A74D40223}.ARM Deploy|x86.ActiveCfg = ARM Deploy|Any CPU
		{1A1CC05A-47E4-441A-B010-BE6A74D40223}.Client Deploy|Any CPU.ActiveCfg = Client Deploy|Any CPU
		{1A1CC05A-47E4-441A-B010-BE6A74D40223}.Client Deploy|ARM.ActiveCfg = Client Deploy|Any CPU
		{1A1CC05A-47E4-441A-B010-BE6A74D40223}.Client Deploy|x64.ActiveCfg = Client Deploy|Any CPU
		{1A1CC05A-47E4-441A-B010-BE6A74D40223}.Client Deploy|x86.ActiveCfg = Client Deploy|Any CPU
		{1A1CC05A-47E4-441A-B010-BE6A74D40223}.Cloud Server Package 2|Any CPU.ActiveCfg = Cloud Server Package 2|Any CPU
		{1A1CC05A-47E4-441A-B010-BE6A74D40223}.Cloud Server Package 2|ARM.ActiveCfg = Cloud Server Package 2|Any CPU
		{1A1CC05A-47E4-441A-B010-BE6A74D40223}.Cloud Server Package 2|x64.ActiveCfg = Cloud Server Package 2|Any CPU
		{1A1CC05A-47E4-441A-B010-BE6A74D40223}.Cloud Server Package 2|x86.ActiveCfg = Cloud Server Package 2|Any CPU
		{1A1CC05A-47E4-441A-B010-BE6A74D40223}.Cloud Server Package|Any CPU.ActiveCfg = Cloud Server Package|Any CPU
		{1A1CC05A-47E4-441A-B010-BE6A74D40223}.Cloud Server Package|ARM.ActiveCfg = Cloud Server Package|Any CPU
		{1A1CC05A-47E4-441A-B010-BE6A74D40223}.Cloud Server Package|x64.ActiveCfg = Cloud Server Package|Any CPU
		{1A1CC05A-47E4-441A-B010-BE6A74D40223}.Cloud Server Package|x86.ActiveCfg = Cloud Server Package|Any CPU
		{1A1CC05A-47E4-441A-B010-BE6A74D40223}.Cloud Server|Any CPU.ActiveCfg = Cloud Server|Any CPU
		{1A1CC05A-47E4-441A-B010-BE6A74D40223}.Cloud Server|ARM.ActiveCfg = Cloud Server|Any CPU
		{1A1CC05A-47E4-441A-B010-BE6A74D40223}.Cloud Server|x64.ActiveCfg = Cloud Server|Any CPU
		{1A1CC05A-47E4-441A-B010-BE6A74D40223}.Cloud Server|x86.ActiveCfg = Cloud Server|Any CPU
		{1A1CC05A-47E4-441A-B010-BE6A74D40223}.Debug|Any CPU.ActiveCfg = Debug|Any CPU
		{1A1CC05A-47E4-441A-B010-BE6A74D40223}.Debug|Any CPU.Build.0 = Debug|Any CPU
		{1A1CC05A-47E4-441A-B010-BE6A74D40223}.Debug|ARM.ActiveCfg = Debug|Any CPU
		{1A1CC05A-47E4-441A-B010-BE6A74D40223}.Debug|x64.ActiveCfg = Debug|Any CPU
		{1A1CC05A-47E4-441A-B010-BE6A74D40223}.Debug|x86.ActiveCfg = Debug|Any CPU
		{1A1CC05A-47E4-441A-B010-BE6A74D40223}.Phone 7 Build|Any CPU.ActiveCfg = Phone 7 Build|Any CPU
		{1A1CC05A-47E4-441A-B010-BE6A74D40223}.Phone 7 Build|ARM.ActiveCfg = Phone 7 Build|Any CPU
		{1A1CC05A-47E4-441A-B010-BE6A74D40223}.Phone 7 Build|x64.ActiveCfg = Phone 7 Build|Any CPU
		{1A1CC05A-47E4-441A-B010-BE6A74D40223}.Phone 7 Build|x86.ActiveCfg = Phone 7 Build|Any CPU
		{1A1CC05A-47E4-441A-B010-BE6A74D40223}.Phone 8 Build|Any CPU.ActiveCfg = Phone 8 Build|Any CPU
		{1A1CC05A-47E4-441A-B010-BE6A74D40223}.Phone 8 Build|ARM.ActiveCfg = Phone 8 Build|Any CPU
		{1A1CC05A-47E4-441A-B010-BE6A74D40223}.Phone 8 Build|x64.ActiveCfg = Phone 8 Build|Any CPU
		{1A1CC05A-47E4-441A-B010-BE6A74D40223}.Phone 8 Build|x86.ActiveCfg = Phone 8 Build|Any CPU
		{1A1CC05A-47E4-441A-B010-BE6A74D40223}.Release|Any CPU.ActiveCfg = Release|Any CPU
		{1A1CC05A-47E4-441A-B010-BE6A74D40223}.Release|ARM.ActiveCfg = Release|Any CPU
		{1A1CC05A-47E4-441A-B010-BE6A74D40223}.Release|x64.ActiveCfg = Release|Any CPU
		{1A1CC05A-47E4-441A-B010-BE6A74D40223}.Release|x86.ActiveCfg = Release|Any CPU
		{1A1CC05A-47E4-441A-B010-BE6A74D40223}.Web Build|Any CPU.ActiveCfg = Web Build|Any CPU
		{1A1CC05A-47E4-441A-B010-BE6A74D40223}.Web Build|ARM.ActiveCfg = Web Build|Any CPU
		{1A1CC05A-47E4-441A-B010-BE6A74D40223}.Web Build|x64.ActiveCfg = Web Build|Any CPU
		{1A1CC05A-47E4-441A-B010-BE6A74D40223}.Web Build|x86.ActiveCfg = Web Build|Any CPU
		{E728EED8-C9DB-4DAF-A0F9-B8CC107A952A}.ARM Deploy|Any CPU.ActiveCfg = ARM Deploy|Any CPU
		{E728EED8-C9DB-4DAF-A0F9-B8CC107A952A}.ARM Deploy|ARM.ActiveCfg = ARM Deploy|Any CPU
		{E728EED8-C9DB-4DAF-A0F9-B8CC107A952A}.ARM Deploy|x64.ActiveCfg = ARM Deploy|Any CPU
		{E728EED8-C9DB-4DAF-A0F9-B8CC107A952A}.ARM Deploy|x86.ActiveCfg = ARM Deploy|Any CPU
		{E728EED8-C9DB-4DAF-A0F9-B8CC107A952A}.Client Deploy|Any CPU.ActiveCfg = Client Deploy|Any CPU
		{E728EED8-C9DB-4DAF-A0F9-B8CC107A952A}.Client Deploy|ARM.ActiveCfg = Client Deploy|Any CPU
		{E728EED8-C9DB-4DAF-A0F9-B8CC107A952A}.Client Deploy|x64.ActiveCfg = Client Deploy|Any CPU
		{E728EED8-C9DB-4DAF-A0F9-B8CC107A952A}.Client Deploy|x86.ActiveCfg = Client Deploy|Any CPU
		{E728EED8-C9DB-4DAF-A0F9-B8CC107A952A}.Cloud Server Package 2|Any CPU.ActiveCfg = Cloud Server Package 2|Any CPU
		{E728EED8-C9DB-4DAF-A0F9-B8CC107A952A}.Cloud Server Package 2|ARM.ActiveCfg = Cloud Server Package 2|Any CPU
		{E728EED8-C9DB-4DAF-A0F9-B8CC107A952A}.Cloud Server Package 2|x64.ActiveCfg = Cloud Server Package 2|Any CPU
		{E728EED8-C9DB-4DAF-A0F9-B8CC107A952A}.Cloud Server Package 2|x86.ActiveCfg = Cloud Server Package 2|Any CPU
		{E728EED8-C9DB-4DAF-A0F9-B8CC107A952A}.Cloud Server Package|Any CPU.ActiveCfg = Cloud Server Package|Any CPU
		{E728EED8-C9DB-4DAF-A0F9-B8CC107A952A}.Cloud Server Package|ARM.ActiveCfg = Cloud Server Package|Any CPU
		{E728EED8-C9DB-4DAF-A0F9-B8CC107A952A}.Cloud Server Package|x64.ActiveCfg = Cloud Server Package|Any CPU
		{E728EED8-C9DB-4DAF-A0F9-B8CC107A952A}.Cloud Server Package|x86.ActiveCfg = Cloud Server Package|Any CPU
		{E728EED8-C9DB-4DAF-A0F9-B8CC107A952A}.Cloud Server|Any CPU.ActiveCfg = Cloud Server|Any CPU
		{E728EED8-C9DB-4DAF-A0F9-B8CC107A952A}.Cloud Server|ARM.ActiveCfg = Cloud Server|Any CPU
		{E728EED8-C9DB-4DAF-A0F9-B8CC107A952A}.Cloud Server|x64.ActiveCfg = Cloud Server|Any CPU
		{E728EED8-C9DB-4DAF-A0F9-B8CC107A952A}.Cloud Server|x86.ActiveCfg = Cloud Server|Any CPU
		{E728EED8-C9DB-4DAF-A0F9-B8CC107A952A}.Debug|Any CPU.ActiveCfg = Debug|Any CPU
		{E728EED8-C9DB-4DAF-A0F9-B8CC107A952A}.Debug|Any CPU.Build.0 = Debug|Any CPU
		{E728EED8-C9DB-4DAF-A0F9-B8CC107A952A}.Debug|ARM.ActiveCfg = Debug|Any CPU
		{E728EED8-C9DB-4DAF-A0F9-B8CC107A952A}.Debug|x64.ActiveCfg = Debug|Any CPU
		{E728EED8-C9DB-4DAF-A0F9-B8CC107A952A}.Debug|x86.ActiveCfg = Debug|Any CPU
		{E728EED8-C9DB-4DAF-A0F9-B8CC107A952A}.Phone 7 Build|Any CPU.ActiveCfg = Phone 7 Build|Any CPU
		{E728EED8-C9DB-4DAF-A0F9-B8CC107A952A}.Phone 7 Build|ARM.ActiveCfg = Phone 7 Build|Any CPU
		{E728EED8-C9DB-4DAF-A0F9-B8CC107A952A}.Phone 7 Build|x64.ActiveCfg = Phone 7 Build|Any CPU
		{E728EED8-C9DB-4DAF-A0F9-B8CC107A952A}.Phone 7 Build|x86.ActiveCfg = Phone 7 Build|Any CPU
		{E728EED8-C9DB-4DAF-A0F9-B8CC107A952A}.Phone 8 Build|Any CPU.ActiveCfg = Phone 8 Build|Any CPU
		{E728EED8-C9DB-4DAF-A0F9-B8CC107A952A}.Phone 8 Build|ARM.ActiveCfg = Phone 8 Build|Any CPU
		{E728EED8-C9DB-4DAF-A0F9-B8CC107A952A}.Phone 8 Build|x64.ActiveCfg = Phone 8 Build|Any CPU
		{E728EED8-C9DB-4DAF-A0F9-B8CC107A952A}.Phone 8 Build|x86.ActiveCfg = Phone 8 Build|Any CPU
		{E728EED8-C9DB-4DAF-A0F9-B8CC107A952A}.Release|Any CPU.ActiveCfg = Release|Any CPU
		{E728EED8-C9DB-4DAF-A0F9-B8CC107A952A}.Release|ARM.ActiveCfg = Release|Any CPU
		{E728EED8-C9DB-4DAF-A0F9-B8CC107A952A}.Release|x64.ActiveCfg = Release|Any CPU
		{E728EED8-C9DB-4DAF-A0F9-B8CC107A952A}.Release|x86.ActiveCfg = Release|Any CPU
		{E728EED8-C9DB-4DAF-A0F9-B8CC107A952A}.Web Build|Any CPU.ActiveCfg = Web Build|Any CPU
		{E728EED8-C9DB-4DAF-A0F9-B8CC107A952A}.Web Build|ARM.ActiveCfg = Web Build|Any CPU
		{E728EED8-C9DB-4DAF-A0F9-B8CC107A952A}.Web Build|x64.ActiveCfg = Web Build|Any CPU
		{E728EED8-C9DB-4DAF-A0F9-B8CC107A952A}.Web Build|x86.ActiveCfg = Web Build|Any CPU
		{1469A744-F127-4C4B-9D5B-7A6465AA854F}.ARM Deploy|Any CPU.ActiveCfg = ARM Deploy|Any CPU
		{1469A744-F127-4C4B-9D5B-7A6465AA854F}.ARM Deploy|ARM.ActiveCfg = ARM Deploy|Any CPU
		{1469A744-F127-4C4B-9D5B-7A6465AA854F}.ARM Deploy|x64.ActiveCfg = ARM Deploy|Any CPU
		{1469A744-F127-4C4B-9D5B-7A6465AA854F}.ARM Deploy|x86.ActiveCfg = ARM Deploy|Any CPU
		{1469A744-F127-4C4B-9D5B-7A6465AA854F}.Client Deploy|Any CPU.ActiveCfg = Client Deploy|Any CPU
		{1469A744-F127-4C4B-9D5B-7A6465AA854F}.Client Deploy|ARM.ActiveCfg = Client Deploy|Any CPU
		{1469A744-F127-4C4B-9D5B-7A6465AA854F}.Client Deploy|x64.ActiveCfg = Client Deploy|Any CPU
		{1469A744-F127-4C4B-9D5B-7A6465AA854F}.Client Deploy|x86.ActiveCfg = Client Deploy|Any CPU
		{1469A744-F127-4C4B-9D5B-7A6465AA854F}.Cloud Server Package 2|Any CPU.ActiveCfg = Cloud Server Package 2|Any CPU
		{1469A744-F127-4C4B-9D5B-7A6465AA854F}.Cloud Server Package 2|ARM.ActiveCfg = Cloud Server Package 2|Any CPU
		{1469A744-F127-4C4B-9D5B-7A6465AA854F}.Cloud Server Package 2|x64.ActiveCfg = Cloud Server Package 2|Any CPU
		{1469A744-F127-4C4B-9D5B-7A6465AA854F}.Cloud Server Package 2|x86.ActiveCfg = Cloud Server Package 2|Any CPU
		{1469A744-F127-4C4B-9D5B-7A6465AA854F}.Cloud Server Package|Any CPU.ActiveCfg = Cloud Server Package|Any CPU
		{1469A744-F127-4C4B-9D5B-7A6465AA854F}.Cloud Server Package|ARM.ActiveCfg = Cloud Server Package|Any CPU
		{1469A744-F127-4C4B-9D5B-7A6465AA854F}.Cloud Server Package|x64.ActiveCfg = Cloud Server Package|Any CPU
		{1469A744-F127-4C4B-9D5B-7A6465AA854F}.Cloud Server Package|x86.ActiveCfg = Cloud Server Package|Any CPU
		{1469A744-F127-4C4B-9D5B-7A6465AA854F}.Cloud Server|Any CPU.ActiveCfg = Cloud Server|Any CPU
		{1469A744-F127-4C4B-9D5B-7A6465AA854F}.Cloud Server|ARM.ActiveCfg = Cloud Server|Any CPU
		{1469A744-F127-4C4B-9D5B-7A6465AA854F}.Cloud Server|x64.ActiveCfg = Cloud Server|Any CPU
		{1469A744-F127-4C4B-9D5B-7A6465AA854F}.Cloud Server|x86.ActiveCfg = Cloud Server|Any CPU
		{1469A744-F127-4C4B-9D5B-7A6465AA854F}.Debug|Any CPU.ActiveCfg = Debug|Any CPU
		{1469A744-F127-4C4B-9D5B-7A6465AA854F}.Debug|Any CPU.Build.0 = Debug|Any CPU
		{1469A744-F127-4C4B-9D5B-7A6465AA854F}.Debug|ARM.ActiveCfg = Debug|Any CPU
		{1469A744-F127-4C4B-9D5B-7A6465AA854F}.Debug|x64.ActiveCfg = Debug|Any CPU
		{1469A744-F127-4C4B-9D5B-7A6465AA854F}.Debug|x86.ActiveCfg = Debug|Any CPU
		{1469A744-F127-4C4B-9D5B-7A6465AA854F}.Phone 7 Build|Any CPU.ActiveCfg = Phone 7 Build|Any CPU
		{1469A744-F127-4C4B-9D5B-7A6465AA854F}.Phone 7 Build|ARM.ActiveCfg = Phone 7 Build|Any CPU
		{1469A744-F127-4C4B-9D5B-7A6465AA854F}.Phone 7 Build|x64.ActiveCfg = Phone 7 Build|Any CPU
		{1469A744-F127-4C4B-9D5B-7A6465AA854F}.Phone 7 Build|x86.ActiveCfg = Phone 7 Build|Any CPU
		{1469A744-F127-4C4B-9D5B-7A6465AA854F}.Phone 8 Build|Any CPU.ActiveCfg = Phone 8 Build|Any CPU
		{1469A744-F127-4C4B-9D5B-7A6465AA854F}.Phone 8 Build|ARM.ActiveCfg = Phone 8 Build|Any CPU
		{1469A744-F127-4C4B-9D5B-7A6465AA854F}.Phone 8 Build|x64.ActiveCfg = Phone 8 Build|Any CPU
		{1469A744-F127-4C4B-9D5B-7A6465AA854F}.Phone 8 Build|x86.ActiveCfg = Phone 8 Build|Any CPU
		{1469A744-F127-4C4B-9D5B-7A6465AA854F}.Release|Any CPU.ActiveCfg = Release|Any CPU
		{1469A744-F127-4C4B-9D5B-7A6465AA854F}.Release|ARM.ActiveCfg = Release|Any CPU
		{1469A744-F127-4C4B-9D5B-7A6465AA854F}.Release|x64.ActiveCfg = Release|Any CPU
		{1469A744-F127-4C4B-9D5B-7A6465AA854F}.Release|x86.ActiveCfg = Release|Any CPU
		{1469A744-F127-4C4B-9D5B-7A6465AA854F}.Web Build|Any CPU.ActiveCfg = Web Build|Any CPU
		{1469A744-F127-4C4B-9D5B-7A6465AA854F}.Web Build|ARM.ActiveCfg = Web Build|Any CPU
		{1469A744-F127-4C4B-9D5B-7A6465AA854F}.Web Build|x64.ActiveCfg = Web Build|Any CPU
		{1469A744-F127-4C4B-9D5B-7A6465AA854F}.Web Build|x86.ActiveCfg = Web Build|Any CPU
		{A53EC4D7-426B-4DA6-92E2-00B725F068B3}.ARM Deploy|Any CPU.ActiveCfg = ARM Deploy|ARM
		{A53EC4D7-426B-4DA6-92E2-00B725F068B3}.ARM Deploy|Any CPU.Build.0 = ARM Deploy|ARM
		{A53EC4D7-426B-4DA6-92E2-00B725F068B3}.ARM Deploy|Any CPU.Deploy.0 = ARM Deploy|ARM
		{A53EC4D7-426B-4DA6-92E2-00B725F068B3}.ARM Deploy|ARM.ActiveCfg = ARM Deploy|ARM
		{A53EC4D7-426B-4DA6-92E2-00B725F068B3}.ARM Deploy|ARM.Build.0 = ARM Deploy|ARM
		{A53EC4D7-426B-4DA6-92E2-00B725F068B3}.ARM Deploy|ARM.Deploy.0 = ARM Deploy|ARM
		{A53EC4D7-426B-4DA6-92E2-00B725F068B3}.ARM Deploy|x64.ActiveCfg = ARM Deploy|x64
		{A53EC4D7-426B-4DA6-92E2-00B725F068B3}.ARM Deploy|x64.Build.0 = ARM Deploy|x64
		{A53EC4D7-426B-4DA6-92E2-00B725F068B3}.ARM Deploy|x64.Deploy.0 = ARM Deploy|x64
		{A53EC4D7-426B-4DA6-92E2-00B725F068B3}.ARM Deploy|x86.ActiveCfg = ARM Deploy|x86
		{A53EC4D7-426B-4DA6-92E2-00B725F068B3}.ARM Deploy|x86.Build.0 = ARM Deploy|x86
		{A53EC4D7-426B-4DA6-92E2-00B725F068B3}.ARM Deploy|x86.Deploy.0 = ARM Deploy|x86
		{A53EC4D7-426B-4DA6-92E2-00B725F068B3}.Client Deploy|Any CPU.ActiveCfg = Client Deploy|x86
		{A53EC4D7-426B-4DA6-92E2-00B725F068B3}.Client Deploy|Any CPU.Build.0 = Client Deploy|x86
		{A53EC4D7-426B-4DA6-92E2-00B725F068B3}.Client Deploy|Any CPU.Deploy.0 = Client Deploy|x86
		{A53EC4D7-426B-4DA6-92E2-00B725F068B3}.Client Deploy|ARM.ActiveCfg = Client Deploy|ARM
		{A53EC4D7-426B-4DA6-92E2-00B725F068B3}.Client Deploy|ARM.Build.0 = Client Deploy|ARM
		{A53EC4D7-426B-4DA6-92E2-00B725F068B3}.Client Deploy|ARM.Deploy.0 = Client Deploy|ARM
		{A53EC4D7-426B-4DA6-92E2-00B725F068B3}.Client Deploy|x64.ActiveCfg = Client Deploy|x64
		{A53EC4D7-426B-4DA6-92E2-00B725F068B3}.Client Deploy|x64.Build.0 = Client Deploy|x64
		{A53EC4D7-426B-4DA6-92E2-00B725F068B3}.Client Deploy|x64.Deploy.0 = Client Deploy|x64
		{A53EC4D7-426B-4DA6-92E2-00B725F068B3}.Client Deploy|x86.ActiveCfg = Client Deploy|x86
		{A53EC4D7-426B-4DA6-92E2-00B725F068B3}.Client Deploy|x86.Build.0 = Client Deploy|x86
		{A53EC4D7-426B-4DA6-92E2-00B725F068B3}.Client Deploy|x86.Deploy.0 = Client Deploy|x86
		{A53EC4D7-426B-4DA6-92E2-00B725F068B3}.Cloud Server Package 2|Any CPU.ActiveCfg = Cloud Server Package 2|Any CPU
		{A53EC4D7-426B-4DA6-92E2-00B725F068B3}.Cloud Server Package 2|ARM.ActiveCfg = Cloud Server Package 2|ARM
		{A53EC4D7-426B-4DA6-92E2-00B725F068B3}.Cloud Server Package 2|ARM.Deploy.0 = Cloud Server Package 2|ARM
		{A53EC4D7-426B-4DA6-92E2-00B725F068B3}.Cloud Server Package 2|x64.ActiveCfg = Cloud Server Package 2|x64
		{A53EC4D7-426B-4DA6-92E2-00B725F068B3}.Cloud Server Package 2|x64.Deploy.0 = Cloud Server Package 2|x64
		{A53EC4D7-426B-4DA6-92E2-00B725F068B3}.Cloud Server Package 2|x86.ActiveCfg = Cloud Server Package 2|x86
		{A53EC4D7-426B-4DA6-92E2-00B725F068B3}.Cloud Server Package 2|x86.Deploy.0 = Cloud Server Package 2|x86
		{A53EC4D7-426B-4DA6-92E2-00B725F068B3}.Cloud Server Package|Any CPU.ActiveCfg = Cloud Server Package|Any CPU
		{A53EC4D7-426B-4DA6-92E2-00B725F068B3}.Cloud Server Package|Any CPU.Deploy.0 = Cloud Server Package|Any CPU
		{A53EC4D7-426B-4DA6-92E2-00B725F068B3}.Cloud Server Package|ARM.ActiveCfg = Cloud Server Package|ARM
		{A53EC4D7-426B-4DA6-92E2-00B725F068B3}.Cloud Server Package|ARM.Deploy.0 = Cloud Server Package|ARM
		{A53EC4D7-426B-4DA6-92E2-00B725F068B3}.Cloud Server Package|x64.ActiveCfg = Cloud Server Package|x64
		{A53EC4D7-426B-4DA6-92E2-00B725F068B3}.Cloud Server Package|x64.Deploy.0 = Cloud Server Package|x64
		{A53EC4D7-426B-4DA6-92E2-00B725F068B3}.Cloud Server Package|x86.ActiveCfg = Cloud Server Package|x86
		{A53EC4D7-426B-4DA6-92E2-00B725F068B3}.Cloud Server Package|x86.Deploy.0 = Cloud Server Package|x86
		{A53EC4D7-426B-4DA6-92E2-00B725F068B3}.Cloud Server|Any CPU.ActiveCfg = Cloud Server|Any CPU
		{A53EC4D7-426B-4DA6-92E2-00B725F068B3}.Cloud Server|ARM.ActiveCfg = Cloud Server|ARM
		{A53EC4D7-426B-4DA6-92E2-00B725F068B3}.Cloud Server|ARM.Build.0 = Cloud Server|ARM
		{A53EC4D7-426B-4DA6-92E2-00B725F068B3}.Cloud Server|ARM.Deploy.0 = Cloud Server|ARM
		{A53EC4D7-426B-4DA6-92E2-00B725F068B3}.Cloud Server|x64.ActiveCfg = Cloud Server|x64
		{A53EC4D7-426B-4DA6-92E2-00B725F068B3}.Cloud Server|x64.Build.0 = Cloud Server|x64
		{A53EC4D7-426B-4DA6-92E2-00B725F068B3}.Cloud Server|x64.Deploy.0 = Cloud Server|x64
		{A53EC4D7-426B-4DA6-92E2-00B725F068B3}.Cloud Server|x86.ActiveCfg = Cloud Server|x86
		{A53EC4D7-426B-4DA6-92E2-00B725F068B3}.Cloud Server|x86.Build.0 = Cloud Server|x86
		{A53EC4D7-426B-4DA6-92E2-00B725F068B3}.Cloud Server|x86.Deploy.0 = Cloud Server|x86
		{A53EC4D7-426B-4DA6-92E2-00B725F068B3}.Debug|Any CPU.ActiveCfg = Debug|x86
		{A53EC4D7-426B-4DA6-92E2-00B725F068B3}.Debug|Any CPU.Build.0 = Debug|x86
		{A53EC4D7-426B-4DA6-92E2-00B725F068B3}.Debug|Any CPU.Deploy.0 = Debug|x86
		{A53EC4D7-426B-4DA6-92E2-00B725F068B3}.Debug|ARM.ActiveCfg = Debug|ARM
		{A53EC4D7-426B-4DA6-92E2-00B725F068B3}.Debug|ARM.Build.0 = Debug|ARM
		{A53EC4D7-426B-4DA6-92E2-00B725F068B3}.Debug|ARM.Deploy.0 = Debug|ARM
		{A53EC4D7-426B-4DA6-92E2-00B725F068B3}.Debug|x64.ActiveCfg = Debug|x64
		{A53EC4D7-426B-4DA6-92E2-00B725F068B3}.Debug|x64.Build.0 = Debug|x64
		{A53EC4D7-426B-4DA6-92E2-00B725F068B3}.Debug|x64.Deploy.0 = Debug|x64
		{A53EC4D7-426B-4DA6-92E2-00B725F068B3}.Debug|x86.ActiveCfg = Debug|x86
		{A53EC4D7-426B-4DA6-92E2-00B725F068B3}.Debug|x86.Build.0 = Debug|x86
		{A53EC4D7-426B-4DA6-92E2-00B725F068B3}.Debug|x86.Deploy.0 = Debug|x86
		{A53EC4D7-426B-4DA6-92E2-00B725F068B3}.Phone 7 Build|Any CPU.ActiveCfg = Phone 7 Build|Any CPU
		{A53EC4D7-426B-4DA6-92E2-00B725F068B3}.Phone 7 Build|ARM.ActiveCfg = Phone 7 Build|ARM
		{A53EC4D7-426B-4DA6-92E2-00B725F068B3}.Phone 7 Build|ARM.Build.0 = Phone 7 Build|ARM
		{A53EC4D7-426B-4DA6-92E2-00B725F068B3}.Phone 7 Build|ARM.Deploy.0 = Phone 7 Build|ARM
		{A53EC4D7-426B-4DA6-92E2-00B725F068B3}.Phone 7 Build|x64.ActiveCfg = Phone 7 Build|x64
		{A53EC4D7-426B-4DA6-92E2-00B725F068B3}.Phone 7 Build|x64.Build.0 = Phone 7 Build|x64
		{A53EC4D7-426B-4DA6-92E2-00B725F068B3}.Phone 7 Build|x64.Deploy.0 = Phone 7 Build|x64
		{A53EC4D7-426B-4DA6-92E2-00B725F068B3}.Phone 7 Build|x86.ActiveCfg = Phone 7 Build|x86
		{A53EC4D7-426B-4DA6-92E2-00B725F068B3}.Phone 7 Build|x86.Build.0 = Phone 7 Build|x86
		{A53EC4D7-426B-4DA6-92E2-00B725F068B3}.Phone 7 Build|x86.Deploy.0 = Phone 7 Build|x86
		{A53EC4D7-426B-4DA6-92E2-00B725F068B3}.Phone 8 Build|Any CPU.ActiveCfg = Phone 8 Build|Any CPU
		{A53EC4D7-426B-4DA6-92E2-00B725F068B3}.Phone 8 Build|ARM.ActiveCfg = Phone 8 Build|ARM
		{A53EC4D7-426B-4DA6-92E2-00B725F068B3}.Phone 8 Build|ARM.Deploy.0 = Phone 8 Build|ARM
		{A53EC4D7-426B-4DA6-92E2-00B725F068B3}.Phone 8 Build|x64.ActiveCfg = Phone 8 Build|x64
		{A53EC4D7-426B-4DA6-92E2-00B725F068B3}.Phone 8 Build|x64.Deploy.0 = Phone 8 Build|x64
		{A53EC4D7-426B-4DA6-92E2-00B725F068B3}.Phone 8 Build|x86.ActiveCfg = Phone 8 Build|x86
		{A53EC4D7-426B-4DA6-92E2-00B725F068B3}.Phone 8 Build|x86.Deploy.0 = Phone 8 Build|x86
		{A53EC4D7-426B-4DA6-92E2-00B725F068B3}.Release|Any CPU.ActiveCfg = Release|x86
		{A53EC4D7-426B-4DA6-92E2-00B725F068B3}.Release|Any CPU.Build.0 = Release|x86
		{A53EC4D7-426B-4DA6-92E2-00B725F068B3}.Release|Any CPU.Deploy.0 = Release|x86
		{A53EC4D7-426B-4DA6-92E2-00B725F068B3}.Release|ARM.ActiveCfg = Release|ARM
		{A53EC4D7-426B-4DA6-92E2-00B725F068B3}.Release|ARM.Build.0 = Release|ARM
		{A53EC4D7-426B-4DA6-92E2-00B725F068B3}.Release|ARM.Deploy.0 = Release|ARM
		{A53EC4D7-426B-4DA6-92E2-00B725F068B3}.Release|x64.ActiveCfg = Release|x64
		{A53EC4D7-426B-4DA6-92E2-00B725F068B3}.Release|x64.Build.0 = Release|x64
		{A53EC4D7-426B-4DA6-92E2-00B725F068B3}.Release|x64.Deploy.0 = Release|x64
		{A53EC4D7-426B-4DA6-92E2-00B725F068B3}.Release|x86.ActiveCfg = Release|x86
		{A53EC4D7-426B-4DA6-92E2-00B725F068B3}.Release|x86.Build.0 = Release|x86
		{A53EC4D7-426B-4DA6-92E2-00B725F068B3}.Release|x86.Deploy.0 = Release|x86
		{A53EC4D7-426B-4DA6-92E2-00B725F068B3}.Web Build|Any CPU.ActiveCfg = Web Build|Any CPU
		{A53EC4D7-426B-4DA6-92E2-00B725F068B3}.Web Build|ARM.ActiveCfg = Web Build|ARM
		{A53EC4D7-426B-4DA6-92E2-00B725F068B3}.Web Build|ARM.Build.0 = Web Build|ARM
		{A53EC4D7-426B-4DA6-92E2-00B725F068B3}.Web Build|ARM.Deploy.0 = Web Build|ARM
		{A53EC4D7-426B-4DA6-92E2-00B725F068B3}.Web Build|x64.ActiveCfg = Web Build|x64
		{A53EC4D7-426B-4DA6-92E2-00B725F068B3}.Web Build|x64.Build.0 = Web Build|x64
		{A53EC4D7-426B-4DA6-92E2-00B725F068B3}.Web Build|x64.Deploy.0 = Web Build|x64
		{A53EC4D7-426B-4DA6-92E2-00B725F068B3}.Web Build|x86.ActiveCfg = Web Build|x86
		{A53EC4D7-426B-4DA6-92E2-00B725F068B3}.Web Build|x86.Build.0 = Web Build|x86
		{A53EC4D7-426B-4DA6-92E2-00B725F068B3}.Web Build|x86.Deploy.0 = Web Build|x86
		{84E6C5B1-0C49-4034-BCC4-EE9DBFCDF0AA}.ARM Deploy|Any CPU.ActiveCfg = ARM Deploy|ARM
		{84E6C5B1-0C49-4034-BCC4-EE9DBFCDF0AA}.ARM Deploy|Any CPU.Build.0 = ARM Deploy|ARM
		{84E6C5B1-0C49-4034-BCC4-EE9DBFCDF0AA}.ARM Deploy|ARM.ActiveCfg = ARM Deploy|ARM
		{84E6C5B1-0C49-4034-BCC4-EE9DBFCDF0AA}.ARM Deploy|ARM.Build.0 = ARM Deploy|ARM
		{84E6C5B1-0C49-4034-BCC4-EE9DBFCDF0AA}.ARM Deploy|x64.ActiveCfg = ARM Deploy|x64
		{84E6C5B1-0C49-4034-BCC4-EE9DBFCDF0AA}.ARM Deploy|x64.Build.0 = ARM Deploy|x64
		{84E6C5B1-0C49-4034-BCC4-EE9DBFCDF0AA}.ARM Deploy|x86.ActiveCfg = ARM Deploy|x86
		{84E6C5B1-0C49-4034-BCC4-EE9DBFCDF0AA}.ARM Deploy|x86.Build.0 = ARM Deploy|x86
		{84E6C5B1-0C49-4034-BCC4-EE9DBFCDF0AA}.Client Deploy|Any CPU.ActiveCfg = Client Deploy|x86
		{84E6C5B1-0C49-4034-BCC4-EE9DBFCDF0AA}.Client Deploy|Any CPU.Build.0 = Client Deploy|x86
		{84E6C5B1-0C49-4034-BCC4-EE9DBFCDF0AA}.Client Deploy|ARM.ActiveCfg = Client Deploy|ARM
		{84E6C5B1-0C49-4034-BCC4-EE9DBFCDF0AA}.Client Deploy|ARM.Build.0 = Client Deploy|ARM
		{84E6C5B1-0C49-4034-BCC4-EE9DBFCDF0AA}.Client Deploy|x64.ActiveCfg = Client Deploy|x64
		{84E6C5B1-0C49-4034-BCC4-EE9DBFCDF0AA}.Client Deploy|x64.Build.0 = Client Deploy|x64
		{84E6C5B1-0C49-4034-BCC4-EE9DBFCDF0AA}.Client Deploy|x86.ActiveCfg = Client Deploy|x86
		{84E6C5B1-0C49-4034-BCC4-EE9DBFCDF0AA}.Client Deploy|x86.Build.0 = Client Deploy|x86
		{84E6C5B1-0C49-4034-BCC4-EE9DBFCDF0AA}.Cloud Server Package 2|Any CPU.ActiveCfg = Cloud Server Package 2|Any CPU
		{84E6C5B1-0C49-4034-BCC4-EE9DBFCDF0AA}.Cloud Server Package 2|ARM.ActiveCfg = Cloud Server Package 2|ARM
		{84E6C5B1-0C49-4034-BCC4-EE9DBFCDF0AA}.Cloud Server Package 2|x64.ActiveCfg = Cloud Server Package 2|x64
		{84E6C5B1-0C49-4034-BCC4-EE9DBFCDF0AA}.Cloud Server Package 2|x86.ActiveCfg = Cloud Server Package 2|x86
		{84E6C5B1-0C49-4034-BCC4-EE9DBFCDF0AA}.Cloud Server Package|Any CPU.ActiveCfg = Cloud Server Package|Any CPU
		{84E6C5B1-0C49-4034-BCC4-EE9DBFCDF0AA}.Cloud Server Package|ARM.ActiveCfg = Cloud Server Package|ARM
		{84E6C5B1-0C49-4034-BCC4-EE9DBFCDF0AA}.Cloud Server Package|x64.ActiveCfg = Cloud Server Package|x64
		{84E6C5B1-0C49-4034-BCC4-EE9DBFCDF0AA}.Cloud Server Package|x86.ActiveCfg = Cloud Server Package|x86
		{84E6C5B1-0C49-4034-BCC4-EE9DBFCDF0AA}.Cloud Server|Any CPU.ActiveCfg = Cloud Server|Any CPU
		{84E6C5B1-0C49-4034-BCC4-EE9DBFCDF0AA}.Cloud Server|ARM.ActiveCfg = Cloud Server|ARM
		{84E6C5B1-0C49-4034-BCC4-EE9DBFCDF0AA}.Cloud Server|ARM.Build.0 = Cloud Server|ARM
		{84E6C5B1-0C49-4034-BCC4-EE9DBFCDF0AA}.Cloud Server|x64.ActiveCfg = Cloud Server|x64
		{84E6C5B1-0C49-4034-BCC4-EE9DBFCDF0AA}.Cloud Server|x64.Build.0 = Cloud Server|x64
		{84E6C5B1-0C49-4034-BCC4-EE9DBFCDF0AA}.Cloud Server|x86.ActiveCfg = Cloud Server|x86
		{84E6C5B1-0C49-4034-BCC4-EE9DBFCDF0AA}.Cloud Server|x86.Build.0 = Cloud Server|x86
		{84E6C5B1-0C49-4034-BCC4-EE9DBFCDF0AA}.Debug|Any CPU.ActiveCfg = Debug|x86
		{84E6C5B1-0C49-4034-BCC4-EE9DBFCDF0AA}.Debug|Any CPU.Build.0 = Debug|x86
		{84E6C5B1-0C49-4034-BCC4-EE9DBFCDF0AA}.Debug|ARM.ActiveCfg = Debug|ARM
		{84E6C5B1-0C49-4034-BCC4-EE9DBFCDF0AA}.Debug|ARM.Build.0 = Debug|ARM
		{84E6C5B1-0C49-4034-BCC4-EE9DBFCDF0AA}.Debug|x64.ActiveCfg = Debug|x64
		{84E6C5B1-0C49-4034-BCC4-EE9DBFCDF0AA}.Debug|x64.Build.0 = Debug|x64
		{84E6C5B1-0C49-4034-BCC4-EE9DBFCDF0AA}.Debug|x86.ActiveCfg = Debug|x86
		{84E6C5B1-0C49-4034-BCC4-EE9DBFCDF0AA}.Debug|x86.Build.0 = Debug|x86
		{84E6C5B1-0C49-4034-BCC4-EE9DBFCDF0AA}.Phone 7 Build|Any CPU.ActiveCfg = Phone 7 Build|Any CPU
		{84E6C5B1-0C49-4034-BCC4-EE9DBFCDF0AA}.Phone 7 Build|ARM.ActiveCfg = Phone 7 Build|ARM
		{84E6C5B1-0C49-4034-BCC4-EE9DBFCDF0AA}.Phone 7 Build|ARM.Build.0 = Phone 7 Build|ARM
		{84E6C5B1-0C49-4034-BCC4-EE9DBFCDF0AA}.Phone 7 Build|x64.ActiveCfg = Phone 7 Build|x64
		{84E6C5B1-0C49-4034-BCC4-EE9DBFCDF0AA}.Phone 7 Build|x64.Build.0 = Phone 7 Build|x64
		{84E6C5B1-0C49-4034-BCC4-EE9DBFCDF0AA}.Phone 7 Build|x86.ActiveCfg = Phone 7 Build|x86
		{84E6C5B1-0C49-4034-BCC4-EE9DBFCDF0AA}.Phone 7 Build|x86.Build.0 = Phone 7 Build|x86
		{84E6C5B1-0C49-4034-BCC4-EE9DBFCDF0AA}.Phone 8 Build|Any CPU.ActiveCfg = Phone 8 Build|Any CPU
		{84E6C5B1-0C49-4034-BCC4-EE9DBFCDF0AA}.Phone 8 Build|ARM.ActiveCfg = Phone 8 Build|ARM
		{84E6C5B1-0C49-4034-BCC4-EE9DBFCDF0AA}.Phone 8 Build|x64.ActiveCfg = Phone 8 Build|x64
		{84E6C5B1-0C49-4034-BCC4-EE9DBFCDF0AA}.Phone 8 Build|x86.ActiveCfg = Phone 8 Build|x86
		{84E6C5B1-0C49-4034-BCC4-EE9DBFCDF0AA}.Release|Any CPU.ActiveCfg = Release|x86
		{84E6C5B1-0C49-4034-BCC4-EE9DBFCDF0AA}.Release|Any CPU.Build.0 = Release|x86
		{84E6C5B1-0C49-4034-BCC4-EE9DBFCDF0AA}.Release|ARM.ActiveCfg = Release|ARM
		{84E6C5B1-0C49-4034-BCC4-EE9DBFCDF0AA}.Release|ARM.Build.0 = Release|ARM
		{84E6C5B1-0C49-4034-BCC4-EE9DBFCDF0AA}.Release|x64.ActiveCfg = Release|x64
		{84E6C5B1-0C49-4034-BCC4-EE9DBFCDF0AA}.Release|x64.Build.0 = Release|x64
		{84E6C5B1-0C49-4034-BCC4-EE9DBFCDF0AA}.Release|x86.ActiveCfg = Release|x86
		{84E6C5B1-0C49-4034-BCC4-EE9DBFCDF0AA}.Release|x86.Build.0 = Release|x86
		{84E6C5B1-0C49-4034-BCC4-EE9DBFCDF0AA}.Web Build|Any CPU.ActiveCfg = Web Build|Any CPU
		{84E6C5B1-0C49-4034-BCC4-EE9DBFCDF0AA}.Web Build|ARM.ActiveCfg = Web Build|ARM
		{84E6C5B1-0C49-4034-BCC4-EE9DBFCDF0AA}.Web Build|ARM.Build.0 = Web Build|ARM
		{84E6C5B1-0C49-4034-BCC4-EE9DBFCDF0AA}.Web Build|x64.ActiveCfg = Web Build|x64
		{84E6C5B1-0C49-4034-BCC4-EE9DBFCDF0AA}.Web Build|x64.Build.0 = Web Build|x64
		{84E6C5B1-0C49-4034-BCC4-EE9DBFCDF0AA}.Web Build|x86.ActiveCfg = Web Build|x86
		{84E6C5B1-0C49-4034-BCC4-EE9DBFCDF0AA}.Web Build|x86.Build.0 = Web Build|x86
		{CF7BBBD7-9A87-492E-A0B9-9D2066A35AE2}.ARM Deploy|Any CPU.ActiveCfg = ARM Deploy|ARM
		{CF7BBBD7-9A87-492E-A0B9-9D2066A35AE2}.ARM Deploy|Any CPU.Build.0 = ARM Deploy|ARM
		{CF7BBBD7-9A87-492E-A0B9-9D2066A35AE2}.ARM Deploy|ARM.ActiveCfg = ARM Deploy|ARM
		{CF7BBBD7-9A87-492E-A0B9-9D2066A35AE2}.ARM Deploy|ARM.Build.0 = ARM Deploy|ARM
		{CF7BBBD7-9A87-492E-A0B9-9D2066A35AE2}.ARM Deploy|x64.ActiveCfg = ARM Deploy|x64
		{CF7BBBD7-9A87-492E-A0B9-9D2066A35AE2}.ARM Deploy|x64.Build.0 = ARM Deploy|x64
		{CF7BBBD7-9A87-492E-A0B9-9D2066A35AE2}.ARM Deploy|x86.ActiveCfg = ARM Deploy|x86
		{CF7BBBD7-9A87-492E-A0B9-9D2066A35AE2}.ARM Deploy|x86.Build.0 = ARM Deploy|x86
		{CF7BBBD7-9A87-492E-A0B9-9D2066A35AE2}.Client Deploy|Any CPU.ActiveCfg = Client Deploy|x86
		{CF7BBBD7-9A87-492E-A0B9-9D2066A35AE2}.Client Deploy|Any CPU.Build.0 = Client Deploy|x86
		{CF7BBBD7-9A87-492E-A0B9-9D2066A35AE2}.Client Deploy|ARM.ActiveCfg = Client Deploy|ARM
		{CF7BBBD7-9A87-492E-A0B9-9D2066A35AE2}.Client Deploy|ARM.Build.0 = Client Deploy|ARM
		{CF7BBBD7-9A87-492E-A0B9-9D2066A35AE2}.Client Deploy|x64.ActiveCfg = Client Deploy|x64
		{CF7BBBD7-9A87-492E-A0B9-9D2066A35AE2}.Client Deploy|x64.Build.0 = Client Deploy|x64
		{CF7BBBD7-9A87-492E-A0B9-9D2066A35AE2}.Client Deploy|x86.ActiveCfg = Client Deploy|x86
		{CF7BBBD7-9A87-492E-A0B9-9D2066A35AE2}.Client Deploy|x86.Build.0 = Client Deploy|x86
		{CF7BBBD7-9A87-492E-A0B9-9D2066A35AE2}.Cloud Server Package 2|Any CPU.ActiveCfg = Cloud Server Package 2|Any CPU
		{CF7BBBD7-9A87-492E-A0B9-9D2066A35AE2}.Cloud Server Package 2|ARM.ActiveCfg = Cloud Server Package 2|ARM
		{CF7BBBD7-9A87-492E-A0B9-9D2066A35AE2}.Cloud Server Package 2|x64.ActiveCfg = Cloud Server Package 2|x64
		{CF7BBBD7-9A87-492E-A0B9-9D2066A35AE2}.Cloud Server Package 2|x86.ActiveCfg = Cloud Server Package 2|x86
		{CF7BBBD7-9A87-492E-A0B9-9D2066A35AE2}.Cloud Server Package|Any CPU.ActiveCfg = Cloud Server Package|Any CPU
		{CF7BBBD7-9A87-492E-A0B9-9D2066A35AE2}.Cloud Server Package|ARM.ActiveCfg = Cloud Server Package|ARM
		{CF7BBBD7-9A87-492E-A0B9-9D2066A35AE2}.Cloud Server Package|x64.ActiveCfg = Cloud Server Package|x64
		{CF7BBBD7-9A87-492E-A0B9-9D2066A35AE2}.Cloud Server Package|x86.ActiveCfg = Cloud Server Package|x86
		{CF7BBBD7-9A87-492E-A0B9-9D2066A35AE2}.Cloud Server|Any CPU.ActiveCfg = Cloud Server|Any CPU
		{CF7BBBD7-9A87-492E-A0B9-9D2066A35AE2}.Cloud Server|ARM.ActiveCfg = Cloud Server|ARM
		{CF7BBBD7-9A87-492E-A0B9-9D2066A35AE2}.Cloud Server|ARM.Build.0 = Cloud Server|ARM
		{CF7BBBD7-9A87-492E-A0B9-9D2066A35AE2}.Cloud Server|x64.ActiveCfg = Cloud Server|x64
		{CF7BBBD7-9A87-492E-A0B9-9D2066A35AE2}.Cloud Server|x64.Build.0 = Cloud Server|x64
		{CF7BBBD7-9A87-492E-A0B9-9D2066A35AE2}.Cloud Server|x86.ActiveCfg = Cloud Server|x86
		{CF7BBBD7-9A87-492E-A0B9-9D2066A35AE2}.Cloud Server|x86.Build.0 = Cloud Server|x86
		{CF7BBBD7-9A87-492E-A0B9-9D2066A35AE2}.Debug|Any CPU.ActiveCfg = Debug|x86
		{CF7BBBD7-9A87-492E-A0B9-9D2066A35AE2}.Debug|Any CPU.Build.0 = Debug|x86
		{CF7BBBD7-9A87-492E-A0B9-9D2066A35AE2}.Debug|ARM.ActiveCfg = Debug|ARM
		{CF7BBBD7-9A87-492E-A0B9-9D2066A35AE2}.Debug|ARM.Build.0 = Debug|ARM
		{CF7BBBD7-9A87-492E-A0B9-9D2066A35AE2}.Debug|x64.ActiveCfg = Debug|x64
		{CF7BBBD7-9A87-492E-A0B9-9D2066A35AE2}.Debug|x64.Build.0 = Debug|x64
		{CF7BBBD7-9A87-492E-A0B9-9D2066A35AE2}.Debug|x86.ActiveCfg = Debug|x86
		{CF7BBBD7-9A87-492E-A0B9-9D2066A35AE2}.Debug|x86.Build.0 = Debug|x86
		{CF7BBBD7-9A87-492E-A0B9-9D2066A35AE2}.Phone 7 Build|Any CPU.ActiveCfg = Phone 7 Build|Any CPU
		{CF7BBBD7-9A87-492E-A0B9-9D2066A35AE2}.Phone 7 Build|ARM.ActiveCfg = Phone 7 Build|ARM
		{CF7BBBD7-9A87-492E-A0B9-9D2066A35AE2}.Phone 7 Build|ARM.Build.0 = Phone 7 Build|ARM
		{CF7BBBD7-9A87-492E-A0B9-9D2066A35AE2}.Phone 7 Build|x64.ActiveCfg = Phone 7 Build|x64
		{CF7BBBD7-9A87-492E-A0B9-9D2066A35AE2}.Phone 7 Build|x64.Build.0 = Phone 7 Build|x64
		{CF7BBBD7-9A87-492E-A0B9-9D2066A35AE2}.Phone 7 Build|x86.ActiveCfg = Phone 7 Build|x86
		{CF7BBBD7-9A87-492E-A0B9-9D2066A35AE2}.Phone 7 Build|x86.Build.0 = Phone 7 Build|x86
		{CF7BBBD7-9A87-492E-A0B9-9D2066A35AE2}.Phone 8 Build|Any CPU.ActiveCfg = Phone 8 Build|Any CPU
		{CF7BBBD7-9A87-492E-A0B9-9D2066A35AE2}.Phone 8 Build|ARM.ActiveCfg = Phone 8 Build|ARM
		{CF7BBBD7-9A87-492E-A0B9-9D2066A35AE2}.Phone 8 Build|x64.ActiveCfg = Phone 8 Build|x64
		{CF7BBBD7-9A87-492E-A0B9-9D2066A35AE2}.Phone 8 Build|x86.ActiveCfg = Phone 8 Build|x86
		{CF7BBBD7-9A87-492E-A0B9-9D2066A35AE2}.Release|Any CPU.ActiveCfg = Release|x86
		{CF7BBBD7-9A87-492E-A0B9-9D2066A35AE2}.Release|Any CPU.Build.0 = Release|x86
		{CF7BBBD7-9A87-492E-A0B9-9D2066A35AE2}.Release|ARM.ActiveCfg = Release|ARM
		{CF7BBBD7-9A87-492E-A0B9-9D2066A35AE2}.Release|ARM.Build.0 = Release|ARM
		{CF7BBBD7-9A87-492E-A0B9-9D2066A35AE2}.Release|x64.ActiveCfg = Release|x64
		{CF7BBBD7-9A87-492E-A0B9-9D2066A35AE2}.Release|x64.Build.0 = Release|x64
		{CF7BBBD7-9A87-492E-A0B9-9D2066A35AE2}.Release|x86.ActiveCfg = Release|x86
		{CF7BBBD7-9A87-492E-A0B9-9D2066A35AE2}.Release|x86.Build.0 = Release|x86
		{CF7BBBD7-9A87-492E-A0B9-9D2066A35AE2}.Web Build|Any CPU.ActiveCfg = Web Build|Any CPU
		{CF7BBBD7-9A87-492E-A0B9-9D2066A35AE2}.Web Build|ARM.ActiveCfg = Web Build|ARM
		{CF7BBBD7-9A87-492E-A0B9-9D2066A35AE2}.Web Build|ARM.Build.0 = Web Build|ARM
		{CF7BBBD7-9A87-492E-A0B9-9D2066A35AE2}.Web Build|x64.ActiveCfg = Web Build|x64
		{CF7BBBD7-9A87-492E-A0B9-9D2066A35AE2}.Web Build|x64.Build.0 = Web Build|x64
		{CF7BBBD7-9A87-492E-A0B9-9D2066A35AE2}.Web Build|x86.ActiveCfg = Web Build|x86
		{CF7BBBD7-9A87-492E-A0B9-9D2066A35AE2}.Web Build|x86.Build.0 = Web Build|x86
		{B8A8C8AA-5E89-4AD2-A529-B0AAB3128D65}.ARM Deploy|Any CPU.ActiveCfg = Release|Any CPU
		{B8A8C8AA-5E89-4AD2-A529-B0AAB3128D65}.ARM Deploy|Any CPU.Build.0 = Release|Any CPU
		{B8A8C8AA-5E89-4AD2-A529-B0AAB3128D65}.ARM Deploy|ARM.ActiveCfg = Release|Any CPU
		{B8A8C8AA-5E89-4AD2-A529-B0AAB3128D65}.ARM Deploy|x64.ActiveCfg = Release|Any CPU
		{B8A8C8AA-5E89-4AD2-A529-B0AAB3128D65}.ARM Deploy|x86.ActiveCfg = Release|Any CPU
		{B8A8C8AA-5E89-4AD2-A529-B0AAB3128D65}.Client Deploy|Any CPU.ActiveCfg = Release|Any CPU
		{B8A8C8AA-5E89-4AD2-A529-B0AAB3128D65}.Client Deploy|ARM.ActiveCfg = Release|Any CPU
		{B8A8C8AA-5E89-4AD2-A529-B0AAB3128D65}.Client Deploy|x64.ActiveCfg = Release|Any CPU
		{B8A8C8AA-5E89-4AD2-A529-B0AAB3128D65}.Client Deploy|x86.ActiveCfg = Release|Any CPU
		{B8A8C8AA-5E89-4AD2-A529-B0AAB3128D65}.Cloud Server Package 2|Any CPU.ActiveCfg = Cloud Server Package 2|Any CPU
		{B8A8C8AA-5E89-4AD2-A529-B0AAB3128D65}.Cloud Server Package 2|ARM.ActiveCfg = Cloud Server Package 2|Any CPU
		{B8A8C8AA-5E89-4AD2-A529-B0AAB3128D65}.Cloud Server Package 2|x64.ActiveCfg = Cloud Server Package 2|Any CPU
		{B8A8C8AA-5E89-4AD2-A529-B0AAB3128D65}.Cloud Server Package 2|x86.ActiveCfg = Cloud Server Package 2|Any CPU
		{B8A8C8AA-5E89-4AD2-A529-B0AAB3128D65}.Cloud Server Package|Any CPU.ActiveCfg = Cloud Server Package|Any CPU
		{B8A8C8AA-5E89-4AD2-A529-B0AAB3128D65}.Cloud Server Package|ARM.ActiveCfg = Cloud Server Package|Any CPU
		{B8A8C8AA-5E89-4AD2-A529-B0AAB3128D65}.Cloud Server Package|x64.ActiveCfg = Cloud Server Package|Any CPU
		{B8A8C8AA-5E89-4AD2-A529-B0AAB3128D65}.Cloud Server Package|x86.ActiveCfg = Cloud Server Package|Any CPU
		{B8A8C8AA-5E89-4AD2-A529-B0AAB3128D65}.Cloud Server|Any CPU.ActiveCfg = Release|Any CPU
		{B8A8C8AA-5E89-4AD2-A529-B0AAB3128D65}.Cloud Server|Any CPU.Build.0 = Release|Any CPU
		{B8A8C8AA-5E89-4AD2-A529-B0AAB3128D65}.Cloud Server|ARM.ActiveCfg = Release|Any CPU
		{B8A8C8AA-5E89-4AD2-A529-B0AAB3128D65}.Cloud Server|x64.ActiveCfg = Release|Any CPU
		{B8A8C8AA-5E89-4AD2-A529-B0AAB3128D65}.Cloud Server|x86.ActiveCfg = Release|Any CPU
		{B8A8C8AA-5E89-4AD2-A529-B0AAB3128D65}.Debug|Any CPU.ActiveCfg = Debug|Any CPU
		{B8A8C8AA-5E89-4AD2-A529-B0AAB3128D65}.Debug|Any CPU.Build.0 = Debug|Any CPU
		{B8A8C8AA-5E89-4AD2-A529-B0AAB3128D65}.Debug|ARM.ActiveCfg = Debug|Any CPU
		{B8A8C8AA-5E89-4AD2-A529-B0AAB3128D65}.Debug|x64.ActiveCfg = Debug|Any CPU
		{B8A8C8AA-5E89-4AD2-A529-B0AAB3128D65}.Debug|x86.ActiveCfg = Debug|Any CPU
		{B8A8C8AA-5E89-4AD2-A529-B0AAB3128D65}.Phone 7 Build|Any CPU.ActiveCfg = Phone 7 Build|Any CPU
		{B8A8C8AA-5E89-4AD2-A529-B0AAB3128D65}.Phone 7 Build|Any CPU.Build.0 = Phone 7 Build|Any CPU
		{B8A8C8AA-5E89-4AD2-A529-B0AAB3128D65}.Phone 7 Build|ARM.ActiveCfg = Phone 7 Build|Any CPU
		{B8A8C8AA-5E89-4AD2-A529-B0AAB3128D65}.Phone 7 Build|x64.ActiveCfg = Phone 7 Build|Any CPU
		{B8A8C8AA-5E89-4AD2-A529-B0AAB3128D65}.Phone 7 Build|x86.ActiveCfg = Phone 7 Build|Any CPU
		{B8A8C8AA-5E89-4AD2-A529-B0AAB3128D65}.Phone 8 Build|Any CPU.ActiveCfg = Phone 8 Build|Any CPU
		{B8A8C8AA-5E89-4AD2-A529-B0AAB3128D65}.Phone 8 Build|Any CPU.Build.0 = Phone 8 Build|Any CPU
		{B8A8C8AA-5E89-4AD2-A529-B0AAB3128D65}.Phone 8 Build|ARM.ActiveCfg = Phone 8 Build|Any CPU
		{B8A8C8AA-5E89-4AD2-A529-B0AAB3128D65}.Phone 8 Build|x64.ActiveCfg = Phone 8 Build|Any CPU
		{B8A8C8AA-5E89-4AD2-A529-B0AAB3128D65}.Phone 8 Build|x86.ActiveCfg = Phone 8 Build|Any CPU
		{B8A8C8AA-5E89-4AD2-A529-B0AAB3128D65}.Release|Any CPU.ActiveCfg = Release|Any CPU
		{B8A8C8AA-5E89-4AD2-A529-B0AAB3128D65}.Release|Any CPU.Build.0 = Release|Any CPU
		{B8A8C8AA-5E89-4AD2-A529-B0AAB3128D65}.Release|ARM.ActiveCfg = Release|Any CPU
		{B8A8C8AA-5E89-4AD2-A529-B0AAB3128D65}.Release|x64.ActiveCfg = Release|Any CPU
		{B8A8C8AA-5E89-4AD2-A529-B0AAB3128D65}.Release|x86.ActiveCfg = Release|Any CPU
		{B8A8C8AA-5E89-4AD2-A529-B0AAB3128D65}.Web Build|Any CPU.ActiveCfg = Release|Any CPU
		{B8A8C8AA-5E89-4AD2-A529-B0AAB3128D65}.Web Build|ARM.ActiveCfg = Release|Any CPU
		{B8A8C8AA-5E89-4AD2-A529-B0AAB3128D65}.Web Build|x64.ActiveCfg = Release|Any CPU
		{B8A8C8AA-5E89-4AD2-A529-B0AAB3128D65}.Web Build|x86.ActiveCfg = Release|Any CPU
		{96F26054-8E92-4DA9-9C73-E0BCEE91ECAB}.ARM Deploy|Any CPU.ActiveCfg = Release|Any CPU
		{96F26054-8E92-4DA9-9C73-E0BCEE91ECAB}.ARM Deploy|Any CPU.Build.0 = Release|Any CPU
		{96F26054-8E92-4DA9-9C73-E0BCEE91ECAB}.ARM Deploy|Any CPU.Deploy.0 = Release|Any CPU
		{96F26054-8E92-4DA9-9C73-E0BCEE91ECAB}.ARM Deploy|ARM.ActiveCfg = Release|ARM
		{96F26054-8E92-4DA9-9C73-E0BCEE91ECAB}.ARM Deploy|ARM.Build.0 = Release|ARM
		{96F26054-8E92-4DA9-9C73-E0BCEE91ECAB}.ARM Deploy|ARM.Deploy.0 = Release|ARM
		{96F26054-8E92-4DA9-9C73-E0BCEE91ECAB}.ARM Deploy|x64.ActiveCfg = Release|Any CPU
		{96F26054-8E92-4DA9-9C73-E0BCEE91ECAB}.ARM Deploy|x86.ActiveCfg = Release|x86
		{96F26054-8E92-4DA9-9C73-E0BCEE91ECAB}.ARM Deploy|x86.Build.0 = Release|x86
		{96F26054-8E92-4DA9-9C73-E0BCEE91ECAB}.ARM Deploy|x86.Deploy.0 = Release|x86
		{96F26054-8E92-4DA9-9C73-E0BCEE91ECAB}.Client Deploy|Any CPU.ActiveCfg = Release|Any CPU
		{96F26054-8E92-4DA9-9C73-E0BCEE91ECAB}.Client Deploy|ARM.ActiveCfg = Release|ARM
		{96F26054-8E92-4DA9-9C73-E0BCEE91ECAB}.Client Deploy|ARM.Build.0 = Release|ARM
		{96F26054-8E92-4DA9-9C73-E0BCEE91ECAB}.Client Deploy|ARM.Deploy.0 = Release|ARM
		{96F26054-8E92-4DA9-9C73-E0BCEE91ECAB}.Client Deploy|x64.ActiveCfg = Release|Any CPU
		{96F26054-8E92-4DA9-9C73-E0BCEE91ECAB}.Client Deploy|x86.ActiveCfg = Release|x86
		{96F26054-8E92-4DA9-9C73-E0BCEE91ECAB}.Client Deploy|x86.Build.0 = Release|x86
		{96F26054-8E92-4DA9-9C73-E0BCEE91ECAB}.Client Deploy|x86.Deploy.0 = Release|x86
		{96F26054-8E92-4DA9-9C73-E0BCEE91ECAB}.Cloud Server Package 2|Any CPU.ActiveCfg = Cloud Server Package 2|Any CPU
		{96F26054-8E92-4DA9-9C73-E0BCEE91ECAB}.Cloud Server Package 2|ARM.ActiveCfg = Cloud Server Package 2|ARM
		{96F26054-8E92-4DA9-9C73-E0BCEE91ECAB}.Cloud Server Package 2|ARM.Deploy.0 = Cloud Server Package 2|ARM
		{96F26054-8E92-4DA9-9C73-E0BCEE91ECAB}.Cloud Server Package 2|x64.ActiveCfg = Cloud Server Package 2|Any CPU
		{96F26054-8E92-4DA9-9C73-E0BCEE91ECAB}.Cloud Server Package 2|x86.ActiveCfg = Cloud Server Package 2|x86
		{96F26054-8E92-4DA9-9C73-E0BCEE91ECAB}.Cloud Server Package 2|x86.Deploy.0 = Cloud Server Package 2|x86
		{96F26054-8E92-4DA9-9C73-E0BCEE91ECAB}.Cloud Server Package|Any CPU.ActiveCfg = Cloud Server Package|Any CPU
		{96F26054-8E92-4DA9-9C73-E0BCEE91ECAB}.Cloud Server Package|Any CPU.Deploy.0 = Cloud Server Package|Any CPU
		{96F26054-8E92-4DA9-9C73-E0BCEE91ECAB}.Cloud Server Package|ARM.ActiveCfg = Cloud Server Package|ARM
		{96F26054-8E92-4DA9-9C73-E0BCEE91ECAB}.Cloud Server Package|ARM.Build.0 = Cloud Server Package|ARM
		{96F26054-8E92-4DA9-9C73-E0BCEE91ECAB}.Cloud Server Package|ARM.Deploy.0 = Cloud Server Package|ARM
		{96F26054-8E92-4DA9-9C73-E0BCEE91ECAB}.Cloud Server Package|x64.ActiveCfg = Cloud Server Package|Any CPU
		{96F26054-8E92-4DA9-9C73-E0BCEE91ECAB}.Cloud Server Package|x86.ActiveCfg = Cloud Server Package|x86
		{96F26054-8E92-4DA9-9C73-E0BCEE91ECAB}.Cloud Server Package|x86.Build.0 = Cloud Server Package|x86
		{96F26054-8E92-4DA9-9C73-E0BCEE91ECAB}.Cloud Server Package|x86.Deploy.0 = Cloud Server Package|x86
		{96F26054-8E92-4DA9-9C73-E0BCEE91ECAB}.Cloud Server|Any CPU.ActiveCfg = Release|Any CPU
		{96F26054-8E92-4DA9-9C73-E0BCEE91ECAB}.Cloud Server|Any CPU.Build.0 = Release|Any CPU
		{96F26054-8E92-4DA9-9C73-E0BCEE91ECAB}.Cloud Server|Any CPU.Deploy.0 = Release|Any CPU
		{96F26054-8E92-4DA9-9C73-E0BCEE91ECAB}.Cloud Server|ARM.ActiveCfg = Release|ARM
		{96F26054-8E92-4DA9-9C73-E0BCEE91ECAB}.Cloud Server|ARM.Build.0 = Release|ARM
		{96F26054-8E92-4DA9-9C73-E0BCEE91ECAB}.Cloud Server|ARM.Deploy.0 = Release|ARM
		{96F26054-8E92-4DA9-9C73-E0BCEE91ECAB}.Cloud Server|x64.ActiveCfg = Release|Any CPU
		{96F26054-8E92-4DA9-9C73-E0BCEE91ECAB}.Cloud Server|x86.ActiveCfg = Release|x86
		{96F26054-8E92-4DA9-9C73-E0BCEE91ECAB}.Cloud Server|x86.Build.0 = Release|x86
		{96F26054-8E92-4DA9-9C73-E0BCEE91ECAB}.Cloud Server|x86.Deploy.0 = Release|x86
		{96F26054-8E92-4DA9-9C73-E0BCEE91ECAB}.Debug|Any CPU.ActiveCfg = Debug|Any CPU
		{96F26054-8E92-4DA9-9C73-E0BCEE91ECAB}.Debug|Any CPU.Build.0 = Debug|Any CPU
		{96F26054-8E92-4DA9-9C73-E0BCEE91ECAB}.Debug|Any CPU.Deploy.0 = Debug|Any CPU
		{96F26054-8E92-4DA9-9C73-E0BCEE91ECAB}.Debug|ARM.ActiveCfg = Debug|ARM
		{96F26054-8E92-4DA9-9C73-E0BCEE91ECAB}.Debug|ARM.Build.0 = Debug|ARM
		{96F26054-8E92-4DA9-9C73-E0BCEE91ECAB}.Debug|ARM.Deploy.0 = Debug|ARM
		{96F26054-8E92-4DA9-9C73-E0BCEE91ECAB}.Debug|x64.ActiveCfg = Debug|Any CPU
		{96F26054-8E92-4DA9-9C73-E0BCEE91ECAB}.Debug|x86.ActiveCfg = Debug|x86
		{96F26054-8E92-4DA9-9C73-E0BCEE91ECAB}.Debug|x86.Build.0 = Debug|x86
		{96F26054-8E92-4DA9-9C73-E0BCEE91ECAB}.Debug|x86.Deploy.0 = Debug|x86
		{96F26054-8E92-4DA9-9C73-E0BCEE91ECAB}.Phone 7 Build|Any CPU.ActiveCfg = Phone 7 Build|Any CPU
		{96F26054-8E92-4DA9-9C73-E0BCEE91ECAB}.Phone 7 Build|ARM.ActiveCfg = Phone 7 Build|ARM
		{96F26054-8E92-4DA9-9C73-E0BCEE91ECAB}.Phone 7 Build|ARM.Build.0 = Phone 7 Build|ARM
		{96F26054-8E92-4DA9-9C73-E0BCEE91ECAB}.Phone 7 Build|ARM.Deploy.0 = Phone 7 Build|ARM
		{96F26054-8E92-4DA9-9C73-E0BCEE91ECAB}.Phone 7 Build|x64.ActiveCfg = Phone 7 Build|Any CPU
		{96F26054-8E92-4DA9-9C73-E0BCEE91ECAB}.Phone 7 Build|x86.ActiveCfg = Phone 7 Build|x86
		{96F26054-8E92-4DA9-9C73-E0BCEE91ECAB}.Phone 7 Build|x86.Build.0 = Phone 7 Build|x86
		{96F26054-8E92-4DA9-9C73-E0BCEE91ECAB}.Phone 7 Build|x86.Deploy.0 = Phone 7 Build|x86
		{96F26054-8E92-4DA9-9C73-E0BCEE91ECAB}.Phone 8 Build|Any CPU.ActiveCfg = Phone 8 Build|Any CPU
		{96F26054-8E92-4DA9-9C73-E0BCEE91ECAB}.Phone 8 Build|Any CPU.Build.0 = Phone 8 Build|Any CPU
		{96F26054-8E92-4DA9-9C73-E0BCEE91ECAB}.Phone 8 Build|Any CPU.Deploy.0 = Phone 8 Build|Any CPU
		{96F26054-8E92-4DA9-9C73-E0BCEE91ECAB}.Phone 8 Build|ARM.ActiveCfg = Phone 8 Build|ARM
		{96F26054-8E92-4DA9-9C73-E0BCEE91ECAB}.Phone 8 Build|ARM.Deploy.0 = Phone 8 Build|ARM
		{96F26054-8E92-4DA9-9C73-E0BCEE91ECAB}.Phone 8 Build|x64.ActiveCfg = Phone 8 Build|Any CPU
		{96F26054-8E92-4DA9-9C73-E0BCEE91ECAB}.Phone 8 Build|x86.ActiveCfg = Phone 8 Build|x86
		{96F26054-8E92-4DA9-9C73-E0BCEE91ECAB}.Phone 8 Build|x86.Deploy.0 = Phone 8 Build|x86
		{96F26054-8E92-4DA9-9C73-E0BCEE91ECAB}.Release|Any CPU.ActiveCfg = Release|Any CPU
		{96F26054-8E92-4DA9-9C73-E0BCEE91ECAB}.Release|Any CPU.Build.0 = Release|Any CPU
		{96F26054-8E92-4DA9-9C73-E0BCEE91ECAB}.Release|Any CPU.Deploy.0 = Release|Any CPU
		{96F26054-8E92-4DA9-9C73-E0BCEE91ECAB}.Release|ARM.ActiveCfg = Release|ARM
		{96F26054-8E92-4DA9-9C73-E0BCEE91ECAB}.Release|ARM.Build.0 = Release|ARM
		{96F26054-8E92-4DA9-9C73-E0BCEE91ECAB}.Release|ARM.Deploy.0 = Release|ARM
		{96F26054-8E92-4DA9-9C73-E0BCEE91ECAB}.Release|x64.ActiveCfg = Release|Any CPU
		{96F26054-8E92-4DA9-9C73-E0BCEE91ECAB}.Release|x86.ActiveCfg = Release|x86
		{96F26054-8E92-4DA9-9C73-E0BCEE91ECAB}.Release|x86.Build.0 = Release|x86
		{96F26054-8E92-4DA9-9C73-E0BCEE91ECAB}.Release|x86.Deploy.0 = Release|x86
		{96F26054-8E92-4DA9-9C73-E0BCEE91ECAB}.Web Build|Any CPU.ActiveCfg = Release|Any CPU
		{96F26054-8E92-4DA9-9C73-E0BCEE91ECAB}.Web Build|ARM.ActiveCfg = Release|ARM
		{96F26054-8E92-4DA9-9C73-E0BCEE91ECAB}.Web Build|ARM.Build.0 = Release|ARM
		{96F26054-8E92-4DA9-9C73-E0BCEE91ECAB}.Web Build|ARM.Deploy.0 = Release|ARM
		{96F26054-8E92-4DA9-9C73-E0BCEE91ECAB}.Web Build|x64.ActiveCfg = Release|Any CPU
		{96F26054-8E92-4DA9-9C73-E0BCEE91ECAB}.Web Build|x86.ActiveCfg = Release|x86
		{96F26054-8E92-4DA9-9C73-E0BCEE91ECAB}.Web Build|x86.Build.0 = Release|x86
		{96F26054-8E92-4DA9-9C73-E0BCEE91ECAB}.Web Build|x86.Deploy.0 = Release|x86
		{87B49B5A-E0EA-4EAB-94D5-AC4F6877804B}.ARM Deploy|Any CPU.ActiveCfg = Release|Any CPU
		{87B49B5A-E0EA-4EAB-94D5-AC4F6877804B}.ARM Deploy|Any CPU.Build.0 = Release|Any CPU
		{87B49B5A-E0EA-4EAB-94D5-AC4F6877804B}.ARM Deploy|ARM.ActiveCfg = Release|Any CPU
		{87B49B5A-E0EA-4EAB-94D5-AC4F6877804B}.ARM Deploy|x64.ActiveCfg = Release|Any CPU
		{87B49B5A-E0EA-4EAB-94D5-AC4F6877804B}.ARM Deploy|x86.ActiveCfg = Release|Any CPU
		{87B49B5A-E0EA-4EAB-94D5-AC4F6877804B}.Client Deploy|Any CPU.ActiveCfg = Release|Any CPU
		{87B49B5A-E0EA-4EAB-94D5-AC4F6877804B}.Client Deploy|ARM.ActiveCfg = Release|Any CPU
		{87B49B5A-E0EA-4EAB-94D5-AC4F6877804B}.Client Deploy|x64.ActiveCfg = Release|Any CPU
		{87B49B5A-E0EA-4EAB-94D5-AC4F6877804B}.Client Deploy|x86.ActiveCfg = Release|Any CPU
		{87B49B5A-E0EA-4EAB-94D5-AC4F6877804B}.Cloud Server Package 2|Any CPU.ActiveCfg = Cloud Server Package 2|Any CPU
		{87B49B5A-E0EA-4EAB-94D5-AC4F6877804B}.Cloud Server Package 2|ARM.ActiveCfg = Cloud Server Package 2|Any CPU
		{87B49B5A-E0EA-4EAB-94D5-AC4F6877804B}.Cloud Server Package 2|x64.ActiveCfg = Cloud Server Package 2|Any CPU
		{87B49B5A-E0EA-4EAB-94D5-AC4F6877804B}.Cloud Server Package 2|x86.ActiveCfg = Cloud Server Package 2|Any CPU
		{87B49B5A-E0EA-4EAB-94D5-AC4F6877804B}.Cloud Server Package|Any CPU.ActiveCfg = Cloud Server Package|Any CPU
		{87B49B5A-E0EA-4EAB-94D5-AC4F6877804B}.Cloud Server Package|ARM.ActiveCfg = Cloud Server Package|Any CPU
		{87B49B5A-E0EA-4EAB-94D5-AC4F6877804B}.Cloud Server Package|x64.ActiveCfg = Cloud Server Package|Any CPU
		{87B49B5A-E0EA-4EAB-94D5-AC4F6877804B}.Cloud Server Package|x86.ActiveCfg = Cloud Server Package|Any CPU
		{87B49B5A-E0EA-4EAB-94D5-AC4F6877804B}.Cloud Server|Any CPU.ActiveCfg = Release|Any CPU
		{87B49B5A-E0EA-4EAB-94D5-AC4F6877804B}.Cloud Server|Any CPU.Build.0 = Release|Any CPU
		{87B49B5A-E0EA-4EAB-94D5-AC4F6877804B}.Cloud Server|ARM.ActiveCfg = Release|Any CPU
		{87B49B5A-E0EA-4EAB-94D5-AC4F6877804B}.Cloud Server|x64.ActiveCfg = Release|Any CPU
		{87B49B5A-E0EA-4EAB-94D5-AC4F6877804B}.Cloud Server|x86.ActiveCfg = Release|Any CPU
		{87B49B5A-E0EA-4EAB-94D5-AC4F6877804B}.Debug|Any CPU.ActiveCfg = Debug|Any CPU
		{87B49B5A-E0EA-4EAB-94D5-AC4F6877804B}.Debug|Any CPU.Build.0 = Debug|Any CPU
		{87B49B5A-E0EA-4EAB-94D5-AC4F6877804B}.Debug|ARM.ActiveCfg = Debug|Any CPU
		{87B49B5A-E0EA-4EAB-94D5-AC4F6877804B}.Debug|x64.ActiveCfg = Debug|Any CPU
		{87B49B5A-E0EA-4EAB-94D5-AC4F6877804B}.Debug|x86.ActiveCfg = Debug|Any CPU
		{87B49B5A-E0EA-4EAB-94D5-AC4F6877804B}.Phone 7 Build|Any CPU.ActiveCfg = Phone 7 Build|Any CPU
		{87B49B5A-E0EA-4EAB-94D5-AC4F6877804B}.Phone 7 Build|Any CPU.Build.0 = Phone 7 Build|Any CPU
		{87B49B5A-E0EA-4EAB-94D5-AC4F6877804B}.Phone 7 Build|ARM.ActiveCfg = Phone 7 Build|Any CPU
		{87B49B5A-E0EA-4EAB-94D5-AC4F6877804B}.Phone 7 Build|x64.ActiveCfg = Phone 7 Build|Any CPU
		{87B49B5A-E0EA-4EAB-94D5-AC4F6877804B}.Phone 7 Build|x86.ActiveCfg = Phone 7 Build|Any CPU
		{87B49B5A-E0EA-4EAB-94D5-AC4F6877804B}.Phone 8 Build|Any CPU.ActiveCfg = Phone 8 Build|Any CPU
		{87B49B5A-E0EA-4EAB-94D5-AC4F6877804B}.Phone 8 Build|Any CPU.Build.0 = Phone 8 Build|Any CPU
		{87B49B5A-E0EA-4EAB-94D5-AC4F6877804B}.Phone 8 Build|ARM.ActiveCfg = Phone 8 Build|Any CPU
		{87B49B5A-E0EA-4EAB-94D5-AC4F6877804B}.Phone 8 Build|x64.ActiveCfg = Phone 8 Build|Any CPU
		{87B49B5A-E0EA-4EAB-94D5-AC4F6877804B}.Phone 8 Build|x86.ActiveCfg = Phone 8 Build|Any CPU
		{87B49B5A-E0EA-4EAB-94D5-AC4F6877804B}.Release|Any CPU.ActiveCfg = Release|Any CPU
		{87B49B5A-E0EA-4EAB-94D5-AC4F6877804B}.Release|Any CPU.Build.0 = Release|Any CPU
		{87B49B5A-E0EA-4EAB-94D5-AC4F6877804B}.Release|ARM.ActiveCfg = Release|Any CPU
		{87B49B5A-E0EA-4EAB-94D5-AC4F6877804B}.Release|x64.ActiveCfg = Release|Any CPU
		{87B49B5A-E0EA-4EAB-94D5-AC4F6877804B}.Release|x86.ActiveCfg = Release|Any CPU
		{87B49B5A-E0EA-4EAB-94D5-AC4F6877804B}.Web Build|Any CPU.ActiveCfg = Release|Any CPU
		{87B49B5A-E0EA-4EAB-94D5-AC4F6877804B}.Web Build|ARM.ActiveCfg = Release|Any CPU
		{87B49B5A-E0EA-4EAB-94D5-AC4F6877804B}.Web Build|x64.ActiveCfg = Release|Any CPU
		{87B49B5A-E0EA-4EAB-94D5-AC4F6877804B}.Web Build|x86.ActiveCfg = Release|Any CPU
		{D059BEA3-E7A2-4065-9357-45CDC2F389BD}.ARM Deploy|Any CPU.ActiveCfg = Release|Any CPU
		{D059BEA3-E7A2-4065-9357-45CDC2F389BD}.ARM Deploy|Any CPU.Build.0 = Release|Any CPU
		{D059BEA3-E7A2-4065-9357-45CDC2F389BD}.ARM Deploy|Any CPU.Deploy.0 = Release|Any CPU
		{D059BEA3-E7A2-4065-9357-45CDC2F389BD}.ARM Deploy|ARM.ActiveCfg = Release|Any CPU
		{D059BEA3-E7A2-4065-9357-45CDC2F389BD}.ARM Deploy|x64.ActiveCfg = Release|Any CPU
		{D059BEA3-E7A2-4065-9357-45CDC2F389BD}.ARM Deploy|x86.ActiveCfg = Release|Any CPU
		{D059BEA3-E7A2-4065-9357-45CDC2F389BD}.Client Deploy|Any CPU.ActiveCfg = Release|Any CPU
		{D059BEA3-E7A2-4065-9357-45CDC2F389BD}.Client Deploy|ARM.ActiveCfg = Release|Any CPU
		{D059BEA3-E7A2-4065-9357-45CDC2F389BD}.Client Deploy|x64.ActiveCfg = Release|Any CPU
		{D059BEA3-E7A2-4065-9357-45CDC2F389BD}.Client Deploy|x86.ActiveCfg = Release|Any CPU
		{D059BEA3-E7A2-4065-9357-45CDC2F389BD}.Cloud Server Package 2|Any CPU.ActiveCfg = Cloud Server Package 2|Any CPU
		{D059BEA3-E7A2-4065-9357-45CDC2F389BD}.Cloud Server Package 2|ARM.ActiveCfg = Cloud Server Package 2|Any CPU
		{D059BEA3-E7A2-4065-9357-45CDC2F389BD}.Cloud Server Package 2|x64.ActiveCfg = Cloud Server Package 2|Any CPU
		{D059BEA3-E7A2-4065-9357-45CDC2F389BD}.Cloud Server Package 2|x86.ActiveCfg = Cloud Server Package 2|Any CPU
		{D059BEA3-E7A2-4065-9357-45CDC2F389BD}.Cloud Server Package|Any CPU.ActiveCfg = Cloud Server Package|Any CPU
		{D059BEA3-E7A2-4065-9357-45CDC2F389BD}.Cloud Server Package|Any CPU.Deploy.0 = Cloud Server Package|Any CPU
		{D059BEA3-E7A2-4065-9357-45CDC2F389BD}.Cloud Server Package|ARM.ActiveCfg = Cloud Server Package|Any CPU
		{D059BEA3-E7A2-4065-9357-45CDC2F389BD}.Cloud Server Package|x64.ActiveCfg = Cloud Server Package|Any CPU
		{D059BEA3-E7A2-4065-9357-45CDC2F389BD}.Cloud Server Package|x86.ActiveCfg = Cloud Server Package|Any CPU
		{D059BEA3-E7A2-4065-9357-45CDC2F389BD}.Cloud Server|Any CPU.ActiveCfg = Release|Any CPU
		{D059BEA3-E7A2-4065-9357-45CDC2F389BD}.Cloud Server|Any CPU.Build.0 = Release|Any CPU
		{D059BEA3-E7A2-4065-9357-45CDC2F389BD}.Cloud Server|Any CPU.Deploy.0 = Release|Any CPU
		{D059BEA3-E7A2-4065-9357-45CDC2F389BD}.Cloud Server|ARM.ActiveCfg = Release|Any CPU
		{D059BEA3-E7A2-4065-9357-45CDC2F389BD}.Cloud Server|x64.ActiveCfg = Release|Any CPU
		{D059BEA3-E7A2-4065-9357-45CDC2F389BD}.Cloud Server|x86.ActiveCfg = Release|Any CPU
		{D059BEA3-E7A2-4065-9357-45CDC2F389BD}.Debug|Any CPU.ActiveCfg = Debug|Any CPU
		{D059BEA3-E7A2-4065-9357-45CDC2F389BD}.Debug|Any CPU.Build.0 = Debug|Any CPU
		{D059BEA3-E7A2-4065-9357-45CDC2F389BD}.Debug|Any CPU.Deploy.0 = Debug|Any CPU
		{D059BEA3-E7A2-4065-9357-45CDC2F389BD}.Debug|ARM.ActiveCfg = Debug|Any CPU
		{D059BEA3-E7A2-4065-9357-45CDC2F389BD}.Debug|x64.ActiveCfg = Debug|Any CPU
		{D059BEA3-E7A2-4065-9357-45CDC2F389BD}.Debug|x86.ActiveCfg = Debug|Any CPU
		{D059BEA3-E7A2-4065-9357-45CDC2F389BD}.Phone 7 Build|Any CPU.ActiveCfg = Phone 7 Build|Any CPU
		{D059BEA3-E7A2-4065-9357-45CDC2F389BD}.Phone 7 Build|Any CPU.Build.0 = Phone 7 Build|Any CPU
		{D059BEA3-E7A2-4065-9357-45CDC2F389BD}.Phone 7 Build|Any CPU.Deploy.0 = Phone 7 Build|Any CPU
		{D059BEA3-E7A2-4065-9357-45CDC2F389BD}.Phone 7 Build|ARM.ActiveCfg = Phone 7 Build|Any CPU
		{D059BEA3-E7A2-4065-9357-45CDC2F389BD}.Phone 7 Build|x64.ActiveCfg = Phone 7 Build|Any CPU
		{D059BEA3-E7A2-4065-9357-45CDC2F389BD}.Phone 7 Build|x86.ActiveCfg = Phone 7 Build|Any CPU
		{D059BEA3-E7A2-4065-9357-45CDC2F389BD}.Phone 8 Build|Any CPU.ActiveCfg = Phone 8 Build|Any CPU
		{D059BEA3-E7A2-4065-9357-45CDC2F389BD}.Phone 8 Build|ARM.ActiveCfg = Phone 8 Build|Any CPU
		{D059BEA3-E7A2-4065-9357-45CDC2F389BD}.Phone 8 Build|x64.ActiveCfg = Phone 8 Build|Any CPU
		{D059BEA3-E7A2-4065-9357-45CDC2F389BD}.Phone 8 Build|x86.ActiveCfg = Phone 8 Build|Any CPU
		{D059BEA3-E7A2-4065-9357-45CDC2F389BD}.Release|Any CPU.ActiveCfg = Release|Any CPU
		{D059BEA3-E7A2-4065-9357-45CDC2F389BD}.Release|Any CPU.Build.0 = Release|Any CPU
		{D059BEA3-E7A2-4065-9357-45CDC2F389BD}.Release|Any CPU.Deploy.0 = Release|Any CPU
		{D059BEA3-E7A2-4065-9357-45CDC2F389BD}.Release|ARM.ActiveCfg = Release|Any CPU
		{D059BEA3-E7A2-4065-9357-45CDC2F389BD}.Release|x64.ActiveCfg = Release|Any CPU
		{D059BEA3-E7A2-4065-9357-45CDC2F389BD}.Release|x86.ActiveCfg = Release|Any CPU
		{D059BEA3-E7A2-4065-9357-45CDC2F389BD}.Web Build|Any CPU.ActiveCfg = Release|Any CPU
		{D059BEA3-E7A2-4065-9357-45CDC2F389BD}.Web Build|ARM.ActiveCfg = Release|Any CPU
		{D059BEA3-E7A2-4065-9357-45CDC2F389BD}.Web Build|x64.ActiveCfg = Release|Any CPU
		{D059BEA3-E7A2-4065-9357-45CDC2F389BD}.Web Build|x86.ActiveCfg = Release|Any CPU
		{15815D68-E50F-49C1-8AB5-AF65DAA75CAE}.ARM Deploy|Any CPU.ActiveCfg = Release|Any CPU
		{15815D68-E50F-49C1-8AB5-AF65DAA75CAE}.ARM Deploy|Any CPU.Build.0 = Release|Any CPU
		{15815D68-E50F-49C1-8AB5-AF65DAA75CAE}.ARM Deploy|ARM.ActiveCfg = Release|Any CPU
		{15815D68-E50F-49C1-8AB5-AF65DAA75CAE}.ARM Deploy|x64.ActiveCfg = Release|Any CPU
		{15815D68-E50F-49C1-8AB5-AF65DAA75CAE}.ARM Deploy|x86.ActiveCfg = Release|Any CPU
		{15815D68-E50F-49C1-8AB5-AF65DAA75CAE}.Client Deploy|Any CPU.ActiveCfg = Release|Any CPU
		{15815D68-E50F-49C1-8AB5-AF65DAA75CAE}.Client Deploy|Any CPU.Build.0 = Release|Any CPU
		{15815D68-E50F-49C1-8AB5-AF65DAA75CAE}.Client Deploy|ARM.ActiveCfg = Release|Any CPU
		{15815D68-E50F-49C1-8AB5-AF65DAA75CAE}.Client Deploy|x64.ActiveCfg = Release|Any CPU
		{15815D68-E50F-49C1-8AB5-AF65DAA75CAE}.Client Deploy|x86.ActiveCfg = Release|Any CPU
		{15815D68-E50F-49C1-8AB5-AF65DAA75CAE}.Cloud Server Package 2|Any CPU.ActiveCfg = Cloud Server Package 2|Any CPU
		{15815D68-E50F-49C1-8AB5-AF65DAA75CAE}.Cloud Server Package 2|ARM.ActiveCfg = Cloud Server Package 2|Any CPU
		{15815D68-E50F-49C1-8AB5-AF65DAA75CAE}.Cloud Server Package 2|x64.ActiveCfg = Cloud Server Package 2|Any CPU
		{15815D68-E50F-49C1-8AB5-AF65DAA75CAE}.Cloud Server Package 2|x86.ActiveCfg = Cloud Server Package 2|Any CPU
		{15815D68-E50F-49C1-8AB5-AF65DAA75CAE}.Cloud Server Package|Any CPU.ActiveCfg = Release|Any CPU
		{15815D68-E50F-49C1-8AB5-AF65DAA75CAE}.Cloud Server Package|Any CPU.Build.0 = Release|Any CPU
		{15815D68-E50F-49C1-8AB5-AF65DAA75CAE}.Cloud Server Package|ARM.ActiveCfg = Release|Any CPU
		{15815D68-E50F-49C1-8AB5-AF65DAA75CAE}.Cloud Server Package|x64.ActiveCfg = Release|Any CPU
		{15815D68-E50F-49C1-8AB5-AF65DAA75CAE}.Cloud Server Package|x86.ActiveCfg = Release|Any CPU
		{15815D68-E50F-49C1-8AB5-AF65DAA75CAE}.Cloud Server|Any CPU.ActiveCfg = Release|Any CPU
		{15815D68-E50F-49C1-8AB5-AF65DAA75CAE}.Cloud Server|Any CPU.Build.0 = Release|Any CPU
		{15815D68-E50F-49C1-8AB5-AF65DAA75CAE}.Cloud Server|ARM.ActiveCfg = Release|Any CPU
		{15815D68-E50F-49C1-8AB5-AF65DAA75CAE}.Cloud Server|x64.ActiveCfg = Release|Any CPU
		{15815D68-E50F-49C1-8AB5-AF65DAA75CAE}.Cloud Server|x86.ActiveCfg = Release|Any CPU
		{15815D68-E50F-49C1-8AB5-AF65DAA75CAE}.Debug|Any CPU.ActiveCfg = Debug|Any CPU
		{15815D68-E50F-49C1-8AB5-AF65DAA75CAE}.Debug|Any CPU.Build.0 = Debug|Any CPU
		{15815D68-E50F-49C1-8AB5-AF65DAA75CAE}.Debug|ARM.ActiveCfg = Debug|Any CPU
		{15815D68-E50F-49C1-8AB5-AF65DAA75CAE}.Debug|x64.ActiveCfg = Debug|Any CPU
		{15815D68-E50F-49C1-8AB5-AF65DAA75CAE}.Debug|x86.ActiveCfg = Debug|Any CPU
		{15815D68-E50F-49C1-8AB5-AF65DAA75CAE}.Phone 7 Build|Any CPU.ActiveCfg = Release|Any CPU
		{15815D68-E50F-49C1-8AB5-AF65DAA75CAE}.Phone 7 Build|Any CPU.Build.0 = Release|Any CPU
		{15815D68-E50F-49C1-8AB5-AF65DAA75CAE}.Phone 7 Build|ARM.ActiveCfg = Release|Any CPU
		{15815D68-E50F-49C1-8AB5-AF65DAA75CAE}.Phone 7 Build|x64.ActiveCfg = Release|Any CPU
		{15815D68-E50F-49C1-8AB5-AF65DAA75CAE}.Phone 7 Build|x86.ActiveCfg = Release|Any CPU
		{15815D68-E50F-49C1-8AB5-AF65DAA75CAE}.Phone 8 Build|Any CPU.ActiveCfg = Debug|Any CPU
		{15815D68-E50F-49C1-8AB5-AF65DAA75CAE}.Phone 8 Build|Any CPU.Build.0 = Debug|Any CPU
		{15815D68-E50F-49C1-8AB5-AF65DAA75CAE}.Phone 8 Build|ARM.ActiveCfg = Release|Any CPU
		{15815D68-E50F-49C1-8AB5-AF65DAA75CAE}.Phone 8 Build|x64.ActiveCfg = Release|Any CPU
		{15815D68-E50F-49C1-8AB5-AF65DAA75CAE}.Phone 8 Build|x86.ActiveCfg = Release|Any CPU
		{15815D68-E50F-49C1-8AB5-AF65DAA75CAE}.Release|Any CPU.ActiveCfg = Release|Any CPU
		{15815D68-E50F-49C1-8AB5-AF65DAA75CAE}.Release|Any CPU.Build.0 = Release|Any CPU
		{15815D68-E50F-49C1-8AB5-AF65DAA75CAE}.Release|ARM.ActiveCfg = Release|Any CPU
		{15815D68-E50F-49C1-8AB5-AF65DAA75CAE}.Release|x64.ActiveCfg = Release|Any CPU
		{15815D68-E50F-49C1-8AB5-AF65DAA75CAE}.Release|x86.ActiveCfg = Release|Any CPU
		{15815D68-E50F-49C1-8AB5-AF65DAA75CAE}.Web Build|Any CPU.ActiveCfg = Release|Any CPU
		{15815D68-E50F-49C1-8AB5-AF65DAA75CAE}.Web Build|ARM.ActiveCfg = Release|Any CPU
		{15815D68-E50F-49C1-8AB5-AF65DAA75CAE}.Web Build|x64.ActiveCfg = Release|Any CPU
		{15815D68-E50F-49C1-8AB5-AF65DAA75CAE}.Web Build|x86.ActiveCfg = Release|Any CPU
		{1EBDCEFD-994B-4827-8068-E7F3E65699D0}.ARM Deploy|Any CPU.ActiveCfg = Release|Any CPU
		{1EBDCEFD-994B-4827-8068-E7F3E65699D0}.ARM Deploy|Any CPU.Build.0 = Release|Any CPU
		{1EBDCEFD-994B-4827-8068-E7F3E65699D0}.ARM Deploy|ARM.ActiveCfg = Release|Any CPU
		{1EBDCEFD-994B-4827-8068-E7F3E65699D0}.ARM Deploy|x64.ActiveCfg = Release|Any CPU
		{1EBDCEFD-994B-4827-8068-E7F3E65699D0}.ARM Deploy|x86.ActiveCfg = Release|Any CPU
		{1EBDCEFD-994B-4827-8068-E7F3E65699D0}.Client Deploy|Any CPU.ActiveCfg = Release|Any CPU
		{1EBDCEFD-994B-4827-8068-E7F3E65699D0}.Client Deploy|Any CPU.Build.0 = Release|Any CPU
		{1EBDCEFD-994B-4827-8068-E7F3E65699D0}.Client Deploy|ARM.ActiveCfg = Release|Any CPU
		{1EBDCEFD-994B-4827-8068-E7F3E65699D0}.Client Deploy|x64.ActiveCfg = Release|Any CPU
		{1EBDCEFD-994B-4827-8068-E7F3E65699D0}.Client Deploy|x86.ActiveCfg = Release|Any CPU
		{1EBDCEFD-994B-4827-8068-E7F3E65699D0}.Cloud Server Package 2|Any CPU.ActiveCfg = Release|Any CPU
		{1EBDCEFD-994B-4827-8068-E7F3E65699D0}.Cloud Server Package 2|Any CPU.Build.0 = Release|Any CPU
		{1EBDCEFD-994B-4827-8068-E7F3E65699D0}.Cloud Server Package 2|ARM.ActiveCfg = Release|Any CPU
		{1EBDCEFD-994B-4827-8068-E7F3E65699D0}.Cloud Server Package 2|x64.ActiveCfg = Release|Any CPU
		{1EBDCEFD-994B-4827-8068-E7F3E65699D0}.Cloud Server Package 2|x86.ActiveCfg = Release|Any CPU
		{1EBDCEFD-994B-4827-8068-E7F3E65699D0}.Cloud Server Package|Any CPU.ActiveCfg = Release|Any CPU
		{1EBDCEFD-994B-4827-8068-E7F3E65699D0}.Cloud Server Package|Any CPU.Build.0 = Release|Any CPU
		{1EBDCEFD-994B-4827-8068-E7F3E65699D0}.Cloud Server Package|ARM.ActiveCfg = Release|Any CPU
		{1EBDCEFD-994B-4827-8068-E7F3E65699D0}.Cloud Server Package|x64.ActiveCfg = Release|Any CPU
		{1EBDCEFD-994B-4827-8068-E7F3E65699D0}.Cloud Server Package|x86.ActiveCfg = Release|Any CPU
		{1EBDCEFD-994B-4827-8068-E7F3E65699D0}.Cloud Server|Any CPU.ActiveCfg = Release|Any CPU
		{1EBDCEFD-994B-4827-8068-E7F3E65699D0}.Cloud Server|Any CPU.Build.0 = Release|Any CPU
		{1EBDCEFD-994B-4827-8068-E7F3E65699D0}.Cloud Server|ARM.ActiveCfg = Release|Any CPU
		{1EBDCEFD-994B-4827-8068-E7F3E65699D0}.Cloud Server|x64.ActiveCfg = Release|Any CPU
		{1EBDCEFD-994B-4827-8068-E7F3E65699D0}.Cloud Server|x86.ActiveCfg = Release|Any CPU
		{1EBDCEFD-994B-4827-8068-E7F3E65699D0}.Debug|Any CPU.ActiveCfg = Debug|Any CPU
		{1EBDCEFD-994B-4827-8068-E7F3E65699D0}.Debug|Any CPU.Build.0 = Debug|Any CPU
		{1EBDCEFD-994B-4827-8068-E7F3E65699D0}.Debug|ARM.ActiveCfg = Debug|Any CPU
		{1EBDCEFD-994B-4827-8068-E7F3E65699D0}.Debug|x64.ActiveCfg = Debug|Any CPU
		{1EBDCEFD-994B-4827-8068-E7F3E65699D0}.Debug|x86.ActiveCfg = Debug|Any CPU
		{1EBDCEFD-994B-4827-8068-E7F3E65699D0}.Phone 7 Build|Any CPU.ActiveCfg = Release|Any CPU
		{1EBDCEFD-994B-4827-8068-E7F3E65699D0}.Phone 7 Build|Any CPU.Build.0 = Release|Any CPU
		{1EBDCEFD-994B-4827-8068-E7F3E65699D0}.Phone 7 Build|ARM.ActiveCfg = Release|Any CPU
		{1EBDCEFD-994B-4827-8068-E7F3E65699D0}.Phone 7 Build|x64.ActiveCfg = Release|Any CPU
		{1EBDCEFD-994B-4827-8068-E7F3E65699D0}.Phone 7 Build|x86.ActiveCfg = Release|Any CPU
		{1EBDCEFD-994B-4827-8068-E7F3E65699D0}.Phone 8 Build|Any CPU.ActiveCfg = Release|Any CPU
		{1EBDCEFD-994B-4827-8068-E7F3E65699D0}.Phone 8 Build|Any CPU.Build.0 = Release|Any CPU
		{1EBDCEFD-994B-4827-8068-E7F3E65699D0}.Phone 8 Build|ARM.ActiveCfg = Release|Any CPU
		{1EBDCEFD-994B-4827-8068-E7F3E65699D0}.Phone 8 Build|x64.ActiveCfg = Release|Any CPU
		{1EBDCEFD-994B-4827-8068-E7F3E65699D0}.Phone 8 Build|x86.ActiveCfg = Release|Any CPU
		{1EBDCEFD-994B-4827-8068-E7F3E65699D0}.Release|Any CPU.ActiveCfg = Release|Any CPU
		{1EBDCEFD-994B-4827-8068-E7F3E65699D0}.Release|Any CPU.Build.0 = Release|Any CPU
		{1EBDCEFD-994B-4827-8068-E7F3E65699D0}.Release|ARM.ActiveCfg = Release|Any CPU
		{1EBDCEFD-994B-4827-8068-E7F3E65699D0}.Release|x64.ActiveCfg = Release|Any CPU
		{1EBDCEFD-994B-4827-8068-E7F3E65699D0}.Release|x86.ActiveCfg = Release|Any CPU
		{1EBDCEFD-994B-4827-8068-E7F3E65699D0}.Web Build|Any CPU.ActiveCfg = Release|Any CPU
		{1EBDCEFD-994B-4827-8068-E7F3E65699D0}.Web Build|Any CPU.Build.0 = Release|Any CPU
		{1EBDCEFD-994B-4827-8068-E7F3E65699D0}.Web Build|ARM.ActiveCfg = Release|Any CPU
		{1EBDCEFD-994B-4827-8068-E7F3E65699D0}.Web Build|x64.ActiveCfg = Release|Any CPU
		{1EBDCEFD-994B-4827-8068-E7F3E65699D0}.Web Build|x86.ActiveCfg = Release|Any CPU
	EndGlobalSection
	GlobalSection(SolutionProperties) = preSolution
		HideSolutionNode = FALSE
	EndGlobalSection
	GlobalSection(NestedProjects) = preSolution
		{6F026FEE-F4CC-437F-88C5-4A4E255268C2} = {314B7DDC-AEF0-4A6B-9ED8-A6378248F766}
		{D1C10041-2EB0-4F7F-BD01-E8DAFF5EF3A1} = {65FBD78D-10DF-49B9-9026-E5FEB76FFB5C}
		{1EBDCEFD-994B-4827-8068-E7F3E65699D0} = {65FBD78D-10DF-49B9-9026-E5FEB76FFB5C}
		{56732609-A5E8-4E8A-A066-2E490DD0C3C3} = {6485F462-45BF-4E70-93AA-7F5EEC38E5CD}
		{DE4A2F3E-5896-4356-8603-473A7FD436D7} = {F9CA1A23-06C5-4046-88FD-E5E845E0F6AD}
		{299B9B1A-9A60-4A88-A3EA-911F7D5D4A08} = {F9CA1A23-06C5-4046-88FD-E5E845E0F6AD}
		{1A1CC05A-47E4-441A-B010-BE6A74D40223} = {96A068D6-5AD5-402D-8CA1-431C3233ABA8}
		{E728EED8-C9DB-4DAF-A0F9-B8CC107A952A} = {96A068D6-5AD5-402D-8CA1-431C3233ABA8}
		{1469A744-F127-4C4B-9D5B-7A6465AA854F} = {96A068D6-5AD5-402D-8CA1-431C3233ABA8}
		{9F013C79-AB25-4D36-9040-CB9570BFCE01} = {0C1BE4A0-F850-4B85-8A7C-0CFADC0DCF6D}
		{A53EC4D7-426B-4DA6-92E2-00B725F068B3} = {0C1BE4A0-F850-4B85-8A7C-0CFADC0DCF6D}
		{3E677B4A-F535-4DF0-B4B7-1801363059F6} = {0C1BE4A0-F850-4B85-8A7C-0CFADC0DCF6D}
		{84E6C5B1-0C49-4034-BCC4-EE9DBFCDF0AA} = {9F013C79-AB25-4D36-9040-CB9570BFCE01}
		{CF7BBBD7-9A87-492E-A0B9-9D2066A35AE2} = {9F013C79-AB25-4D36-9040-CB9570BFCE01}
		{B8A8C8AA-5E89-4AD2-A529-B0AAB3128D65} = {3E677B4A-F535-4DF0-B4B7-1801363059F6}
		{96F26054-8E92-4DA9-9C73-E0BCEE91ECAB} = {3E677B4A-F535-4DF0-B4B7-1801363059F6}
		{87B49B5A-E0EA-4EAB-94D5-AC4F6877804B} = {3E677B4A-F535-4DF0-B4B7-1801363059F6}
		{D059BEA3-E7A2-4065-9357-45CDC2F389BD} = {3E677B4A-F535-4DF0-B4B7-1801363059F6}
		{15815D68-E50F-49C1-8AB5-AF65DAA75CAE} = {3E677B4A-F535-4DF0-B4B7-1801363059F6}
	EndGlobalSection
EndGlobal
