
Microsoft Visual Studio Solution File, Format Version 12.00
# Visual Studio 2012
Project("{2150E333-8FDC-42A3-9474-1A3956D46DE8}") = "Cloud", "Cloud", "{314B7DDC-AEF0-4A6B-9ED8-A6378248F766}"
EndProject
Project("{CC5FD16D-436D-48AD-A40C-5A424C6E3E79}") = "CodemashCloud", "CodemashCloud\CodemashCloud.ccproj", "{6F026FEE-F4CC-437F-88C5-4A4E255268C2}"
EndProject
Project("{FAE04EC0-301F-11D3-BF4B-00C04F79EFBC}") = "Codemash.Poller", "Codemash.Poller\Codemash.Poller.csproj", "{D1C10041-2EB0-4F7F-BD01-E8DAFF5EF3A1}"
EndProject
Project("{FAE04EC0-301F-11D3-BF4B-00C04F79EFBC}") = "Codemash.DeltaApi", "Codemash.DeltaApi\Codemash.DeltaApi.csproj", "{56732609-A5E8-4E8A-A066-2E490DD0C3C3}"
EndProject
Project("{FAE04EC0-301F-11D3-BF4B-00C04F79EFBC}") = "Codemash.Api.Data", "Codemash.Api.Data\Codemash.Api.Data.csproj", "{299B9B1A-9A60-4A88-A3EA-911F7D5D4A08}"
EndProject
Project("{2150E333-8FDC-42A3-9474-1A3956D46DE8}") = "Server", "Server", "{65FBD78D-10DF-49B9-9026-E5FEB76FFB5C}"
EndProject
Project("{FAE04EC0-301F-11D3-BF4B-00C04F79EFBC}") = "Codemash.Server.Core", "Codemash.Server.Core\Codemash.Server.Core.csproj", "{DE4A2F3E-5896-4356-8603-473A7FD436D7}"
EndProject
Project("{2150E333-8FDC-42A3-9474-1A3956D46DE8}") = "Tests", "Tests", "{96A068D6-5AD5-402D-8CA1-431C3233ABA8}"
EndProject
Project("{FAE04EC0-301F-11D3-BF4B-00C04F79EFBC}") = "Server.CoreTests", "Server.CoreTests\Server.CoreTests.csproj", "{1A1CC05A-47E4-441A-B010-BE6A74D40223}"
EndProject
Project("{FAE04EC0-301F-11D3-BF4B-00C04F79EFBC}") = "FunctionalTests", "FunctionalTests\FunctionalTests.csproj", "{E728EED8-C9DB-4DAF-A0F9-B8CC107A952A}"
EndProject
Project("{2150E333-8FDC-42A3-9474-1A3956D46DE8}") = ".nuget", ".nuget", "{7032B55A-6647-4CEA-87ED-2B43AA5C9B1B}"
	ProjectSection(SolutionItems) = preProject
		.nuget\NuGet.Config = .nuget\NuGet.Config
		.nuget\NuGet.exe = .nuget\NuGet.exe
		.nuget\NuGet.targets = .nuget\NuGet.targets
	EndProjectSection
EndProject
Project("{FAE04EC0-301F-11D3-BF4B-00C04F79EFBC}") = "ExecutionTests", "ExecutionTests\ExecutionTests.csproj", "{1469A744-F127-4C4B-9D5B-7A6465AA854F}"
EndProject
Global
	GlobalSection(SolutionConfigurationPlatforms) = preSolution
		Debug|Any CPU = Debug|Any CPU
		Release|Any CPU = Release|Any CPU
	EndGlobalSection
	GlobalSection(ProjectConfigurationPlatforms) = postSolution
		{6F026FEE-F4CC-437F-88C5-4A4E255268C2}.Debug|Any CPU.ActiveCfg = Debug|Any CPU
		{6F026FEE-F4CC-437F-88C5-4A4E255268C2}.Debug|Any CPU.Build.0 = Debug|Any CPU
		{6F026FEE-F4CC-437F-88C5-4A4E255268C2}.Release|Any CPU.ActiveCfg = Release|Any CPU
		{6F026FEE-F4CC-437F-88C5-4A4E255268C2}.Release|Any CPU.Build.0 = Release|Any CPU
		{D1C10041-2EB0-4F7F-BD01-E8DAFF5EF3A1}.Debug|Any CPU.ActiveCfg = Debug|Any CPU
		{D1C10041-2EB0-4F7F-BD01-E8DAFF5EF3A1}.Debug|Any CPU.Build.0 = Debug|Any CPU
		{D1C10041-2EB0-4F7F-BD01-E8DAFF5EF3A1}.Release|Any CPU.ActiveCfg = Release|Any CPU
		{D1C10041-2EB0-4F7F-BD01-E8DAFF5EF3A1}.Release|Any CPU.Build.0 = Release|Any CPU
		{56732609-A5E8-4E8A-A066-2E490DD0C3C3}.Debug|Any CPU.ActiveCfg = Debug|Any CPU
		{56732609-A5E8-4E8A-A066-2E490DD0C3C3}.Debug|Any CPU.Build.0 = Debug|Any CPU
		{56732609-A5E8-4E8A-A066-2E490DD0C3C3}.Release|Any CPU.ActiveCfg = Release|Any CPU
		{56732609-A5E8-4E8A-A066-2E490DD0C3C3}.Release|Any CPU.Build.0 = Release|Any CPU
		{299B9B1A-9A60-4A88-A3EA-911F7D5D4A08}.Debug|Any CPU.ActiveCfg = Debug|Any CPU
		{299B9B1A-9A60-4A88-A3EA-911F7D5D4A08}.Debug|Any CPU.Build.0 = Debug|Any CPU
		{299B9B1A-9A60-4A88-A3EA-911F7D5D4A08}.Release|Any CPU.ActiveCfg = Release|Any CPU
		{299B9B1A-9A60-4A88-A3EA-911F7D5D4A08}.Release|Any CPU.Build.0 = Release|Any CPU
		{DE4A2F3E-5896-4356-8603-473A7FD436D7}.Debug|Any CPU.ActiveCfg = Debug|Any CPU
		{DE4A2F3E-5896-4356-8603-473A7FD436D7}.Debug|Any CPU.Build.0 = Debug|Any CPU
		{DE4A2F3E-5896-4356-8603-473A7FD436D7}.Release|Any CPU.ActiveCfg = Release|Any CPU
		{DE4A2F3E-5896-4356-8603-473A7FD436D7}.Release|Any CPU.Build.0 = Release|Any CPU
		{1A1CC05A-47E4-441A-B010-BE6A74D40223}.Debug|Any CPU.ActiveCfg = Debug|Any CPU
		{1A1CC05A-47E4-441A-B010-BE6A74D40223}.Debug|Any CPU.Build.0 = Debug|Any CPU
		{1A1CC05A-47E4-441A-B010-BE6A74D40223}.Release|Any CPU.ActiveCfg = Release|Any CPU
		{1A1CC05A-47E4-441A-B010-BE6A74D40223}.Release|Any CPU.Build.0 = Release|Any CPU
		{E728EED8-C9DB-4DAF-A0F9-B8CC107A952A}.Debug|Any CPU.ActiveCfg = Debug|Any CPU
		{E728EED8-C9DB-4DAF-A0F9-B8CC107A952A}.Debug|Any CPU.Build.0 = Debug|Any CPU
		{E728EED8-C9DB-4DAF-A0F9-B8CC107A952A}.Release|Any CPU.ActiveCfg = Release|Any CPU
		{E728EED8-C9DB-4DAF-A0F9-B8CC107A952A}.Release|Any CPU.Build.0 = Release|Any CPU
		{1469A744-F127-4C4B-9D5B-7A6465AA854F}.Debug|Any CPU.ActiveCfg = Debug|Any CPU
		{1469A744-F127-4C4B-9D5B-7A6465AA854F}.Debug|Any CPU.Build.0 = Debug|Any CPU
		{1469A744-F127-4C4B-9D5B-7A6465AA854F}.Release|Any CPU.ActiveCfg = Release|Any CPU
		{1469A744-F127-4C4B-9D5B-7A6465AA854F}.Release|Any CPU.Build.0 = Release|Any CPU
	EndGlobalSection
	GlobalSection(SolutionProperties) = preSolution
		HideSolutionNode = FALSE
	EndGlobalSection
	GlobalSection(NestedProjects) = preSolution
		{6F026FEE-F4CC-437F-88C5-4A4E255268C2} = {314B7DDC-AEF0-4A6B-9ED8-A6378248F766}
		{56732609-A5E8-4E8A-A066-2E490DD0C3C3} = {65FBD78D-10DF-49B9-9026-E5FEB76FFB5C}
		{299B9B1A-9A60-4A88-A3EA-911F7D5D4A08} = {65FBD78D-10DF-49B9-9026-E5FEB76FFB5C}
		{D1C10041-2EB0-4F7F-BD01-E8DAFF5EF3A1} = {65FBD78D-10DF-49B9-9026-E5FEB76FFB5C}
		{DE4A2F3E-5896-4356-8603-473A7FD436D7} = {65FBD78D-10DF-49B9-9026-E5FEB76FFB5C}
		{96A068D6-5AD5-402D-8CA1-431C3233ABA8} = {65FBD78D-10DF-49B9-9026-E5FEB76FFB5C}
		{1A1CC05A-47E4-441A-B010-BE6A74D40223} = {96A068D6-5AD5-402D-8CA1-431C3233ABA8}
		{E728EED8-C9DB-4DAF-A0F9-B8CC107A952A} = {96A068D6-5AD5-402D-8CA1-431C3233ABA8}
		{1469A744-F127-4C4B-9D5B-7A6465AA854F} = {96A068D6-5AD5-402D-8CA1-431C3233ABA8}
	EndGlobalSection
EndGlobal
